{
  "version": 4,
  "terraform_version": "1.8.3",
  "serial": 596,
  "lineage": "1d41d38a-1cc8-70a6-0475-804bab0df17c",
  "outputs": {
    "db_connection_endpoint": {
      "value": "alinedb.c9aaakygudzw.us-east-1.rds.amazonaws.com:3306",
      "type": "string"
    },
    "db_instance_address": {
      "value": "alinedb.c9aaakygudzw.us-east-1.rds.amazonaws.com",
      "type": "string"
    }
  },
  "resources": [
    {
      "mode": "data",
      "type": "aws_availability_zones",
      "name": "available",
      "provider": "provider[\"registry.terraform.io/hashicorp/aws\"]",
      "instances": [
        {
          "schema_version": 0,
          "attributes": {
            "all_availability_zones": null,
            "exclude_names": null,
            "exclude_zone_ids": null,
            "filter": null,
            "group_names": [
              "us-east-1"
            ],
            "id": "us-east-1",
            "names": [
              "us-east-1a",
              "us-east-1b",
              "us-east-1c",
              "us-east-1d",
              "us-east-1e",
              "us-east-1f"
            ],
            "state": null,
            "timeouts": null,
            "zone_ids": [
              "use1-az4",
              "use1-az6",
              "use1-az1",
              "use1-az2",
              "use1-az3",
              "use1-az5"
            ]
          },
          "sensitive_attributes": []
        }
      ]
    },
    {
      "mode": "managed",
      "type": "aws_db_subnet_group",
      "name": "db_subnet_group",
      "provider": "provider[\"registry.terraform.io/hashicorp/aws\"]",
      "instances": [
        {
          "schema_version": 0,
          "attributes": {
            "arn": "arn:aws:rds:us-east-1:767397723308:subgrp:db-subnet-group-jp",
            "description": "Subnet group for RDS instances",
            "id": "db-subnet-group-jp",
            "name": "db-subnet-group-jp",
            "name_prefix": "",
            "subnet_ids": [
              "subnet-0b315a1b438bc7e67",
              "subnet-0d8a5820baecdafda"
            ],
            "supported_network_types": [
              "IPV4"
            ],
            "tags": null,
            "tags_all": {},
            "vpc_id": "vpc-0678d5a630120c043"
          },
          "sensitive_attributes": [],
          "private": "bnVsbA==",
          "dependencies": [
            "aws_subnet.subnet",
            "aws_subnet.subnet2",
            "aws_vpc.main",
            "data.aws_availability_zones.available"
          ],
          "create_before_destroy": true
        }
      ]
    },
    {
      "mode": "managed",
      "type": "aws_ecs_cluster",
      "name": "ecs-cluster-jp",
      "provider": "provider[\"registry.terraform.io/hashicorp/aws\"]",
      "instances": [
        {
          "schema_version": 0,
          "attributes": {
            "arn": "arn:aws:ecs:us-east-1:767397723308:cluster/ecs-cluster-jp",
            "configuration": [],
            "id": "arn:aws:ecs:us-east-1:767397723308:cluster/ecs-cluster-jp",
            "name": "ecs-cluster-jp",
            "service_connect_defaults": [],
            "setting": [
              {
                "name": "containerInsights",
                "value": "enabled"
              }
            ],
            "tags": null,
            "tags_all": {}
          },
          "sensitive_attributes": [],
          "private": "bnVsbA=="
        }
      ]
    },
    {
      "mode": "managed",
      "type": "aws_ecs_service",
      "name": "service",
      "provider": "provider[\"registry.terraform.io/hashicorp/aws\"]",
      "instances": [
        {
          "index_key": "account-micro",
          "schema_version": 0,
          "attributes": {
            "alarms": [],
            "capacity_provider_strategy": [],
            "cluster": "arn:aws:ecs:us-east-1:767397723308:cluster/ecs-cluster-jp",
            "deployment_circuit_breaker": [
              {
                "enable": false,
                "rollback": false
              }
            ],
            "deployment_controller": [
              {
                "type": "ECS"
              }
            ],
            "deployment_maximum_percent": 200,
            "deployment_minimum_healthy_percent": 100,
            "desired_count": 1,
            "enable_ecs_managed_tags": false,
            "enable_execute_command": false,
            "force_new_deployment": null,
            "health_check_grace_period_seconds": 0,
            "iam_role": "/aws-service-role/ecs.amazonaws.com/AWSServiceRoleForECS",
            "id": "arn:aws:ecs:us-east-1:767397723308:service/ecs-cluster-jp/account-micro",
            "launch_type": "FARGATE",
            "load_balancer": [],
            "name": "account-micro",
            "network_configuration": [
              {
                "assign_public_ip": true,
                "security_groups": [
                  "sg-08242ebf590c783ee"
                ],
                "subnets": [
                  "subnet-0d8a5820baecdafda"
                ]
              }
            ],
            "ordered_placement_strategy": [],
            "placement_constraints": [],
            "platform_version": "LATEST",
            "propagate_tags": "NONE",
            "scheduling_strategy": "REPLICA",
            "service_connect_configuration": [],
            "service_registries": [],
            "tags": null,
            "tags_all": {},
            "task_definition": "account-micro:3",
            "timeouts": null,
            "triggers": {},
            "volume_configuration": [],
            "wait_for_steady_state": false
          },
          "sensitive_attributes": [],
          "private": "eyJlMmJmYjczMC1lY2FhLTExZTYtOGY4OC0zNDM2M2JjN2M0YzAiOnsiY3JlYXRlIjoxMjAwMDAwMDAwMDAwLCJkZWxldGUiOjEyMDAwMDAwMDAwMDAsInVwZGF0ZSI6MTIwMDAwMDAwMDAwMH19",
          "dependencies": [
            "aws_db_subnet_group.db_subnet_group",
            "aws_ecs_cluster.ecs-cluster-jp",
            "aws_ecs_task_definition.microservices",
            "aws_iam_role.ecs_task_execution_jp",
            "aws_security_group.sg",
            "aws_subnet.subnet",
            "aws_subnet.subnet2",
            "aws_vpc.main",
            "data.aws_availability_zones.available",
            "module.db.module.db_instance.aws_cloudwatch_log_group.this",
            "module.db.module.db_instance.aws_db_instance.this",
            "module.db.module.db_instance.aws_iam_role.enhanced_monitoring",
            "module.db.module.db_instance.data.aws_iam_policy_document.enhanced_monitoring",
            "module.db.module.db_instance.random_id.snapshot_identifier",
            "module.db.module.db_option_group.aws_db_option_group.this",
            "module.db.module.db_parameter_group.aws_db_parameter_group.this",
            "module.db.module.db_subnet_group.aws_db_subnet_group.this",
            "module.rds_security_group.aws_security_group.this",
            "module.rds_security_group.aws_security_group.this_name_prefix"
          ]
        },
        {
          "index_key": "bank-micro",
          "schema_version": 0,
          "attributes": {
            "alarms": [],
            "capacity_provider_strategy": [],
            "cluster": "arn:aws:ecs:us-east-1:767397723308:cluster/ecs-cluster-jp",
            "deployment_circuit_breaker": [
              {
                "enable": false,
                "rollback": false
              }
            ],
            "deployment_controller": [
              {
                "type": "ECS"
              }
            ],
            "deployment_maximum_percent": 200,
            "deployment_minimum_healthy_percent": 100,
            "desired_count": 1,
            "enable_ecs_managed_tags": false,
            "enable_execute_command": false,
            "force_new_deployment": null,
            "health_check_grace_period_seconds": 0,
            "iam_role": "/aws-service-role/ecs.amazonaws.com/AWSServiceRoleForECS",
            "id": "arn:aws:ecs:us-east-1:767397723308:service/ecs-cluster-jp/bank-micro",
            "launch_type": "FARGATE",
            "load_balancer": [],
            "name": "bank-micro",
            "network_configuration": [
              {
                "assign_public_ip": true,
                "security_groups": [
                  "sg-08242ebf590c783ee"
                ],
                "subnets": [
                  "subnet-0d8a5820baecdafda"
                ]
              }
            ],
            "ordered_placement_strategy": [],
            "placement_constraints": [],
            "platform_version": "LATEST",
            "propagate_tags": "NONE",
            "scheduling_strategy": "REPLICA",
            "service_connect_configuration": [],
            "service_registries": [],
            "tags": null,
            "tags_all": {},
            "task_definition": "bank-micro:3",
            "timeouts": null,
            "triggers": {},
            "volume_configuration": [],
            "wait_for_steady_state": false
          },
          "sensitive_attributes": [],
          "private": "eyJlMmJmYjczMC1lY2FhLTExZTYtOGY4OC0zNDM2M2JjN2M0YzAiOnsiY3JlYXRlIjoxMjAwMDAwMDAwMDAwLCJkZWxldGUiOjEyMDAwMDAwMDAwMDAsInVwZGF0ZSI6MTIwMDAwMDAwMDAwMH19",
          "dependencies": [
            "aws_db_subnet_group.db_subnet_group",
            "aws_ecs_cluster.ecs-cluster-jp",
            "aws_ecs_task_definition.microservices",
            "aws_iam_role.ecs_task_execution_jp",
            "aws_security_group.sg",
            "aws_subnet.subnet",
            "aws_subnet.subnet2",
            "aws_vpc.main",
            "data.aws_availability_zones.available",
            "module.db.module.db_instance.aws_cloudwatch_log_group.this",
            "module.db.module.db_instance.aws_db_instance.this",
            "module.db.module.db_instance.aws_iam_role.enhanced_monitoring",
            "module.db.module.db_instance.data.aws_iam_policy_document.enhanced_monitoring",
            "module.db.module.db_instance.random_id.snapshot_identifier",
            "module.db.module.db_option_group.aws_db_option_group.this",
            "module.db.module.db_parameter_group.aws_db_parameter_group.this",
            "module.db.module.db_subnet_group.aws_db_subnet_group.this",
            "module.rds_security_group.aws_security_group.this",
            "module.rds_security_group.aws_security_group.this_name_prefix"
          ]
        },
        {
          "index_key": "transaction-micro",
          "schema_version": 0,
          "attributes": {
            "alarms": [],
            "capacity_provider_strategy": [],
            "cluster": "arn:aws:ecs:us-east-1:767397723308:cluster/ecs-cluster-jp",
            "deployment_circuit_breaker": [
              {
                "enable": false,
                "rollback": false
              }
            ],
            "deployment_controller": [
              {
                "type": "ECS"
              }
            ],
            "deployment_maximum_percent": 200,
            "deployment_minimum_healthy_percent": 100,
            "desired_count": 1,
            "enable_ecs_managed_tags": false,
            "enable_execute_command": false,
            "force_new_deployment": null,
            "health_check_grace_period_seconds": 0,
            "iam_role": "/aws-service-role/ecs.amazonaws.com/AWSServiceRoleForECS",
            "id": "arn:aws:ecs:us-east-1:767397723308:service/ecs-cluster-jp/transaction-micro",
            "launch_type": "FARGATE",
            "load_balancer": [],
            "name": "transaction-micro",
            "network_configuration": [
              {
                "assign_public_ip": true,
                "security_groups": [
                  "sg-08242ebf590c783ee"
                ],
                "subnets": [
                  "subnet-0d8a5820baecdafda"
                ]
              }
            ],
            "ordered_placement_strategy": [],
            "placement_constraints": [],
            "platform_version": "LATEST",
            "propagate_tags": "NONE",
            "scheduling_strategy": "REPLICA",
            "service_connect_configuration": [],
            "service_registries": [],
            "tags": null,
            "tags_all": {},
            "task_definition": "transaction-micro:3",
            "timeouts": null,
            "triggers": {},
            "volume_configuration": [],
            "wait_for_steady_state": false
          },
          "sensitive_attributes": [],
          "private": "eyJlMmJmYjczMC1lY2FhLTExZTYtOGY4OC0zNDM2M2JjN2M0YzAiOnsiY3JlYXRlIjoxMjAwMDAwMDAwMDAwLCJkZWxldGUiOjEyMDAwMDAwMDAwMDAsInVwZGF0ZSI6MTIwMDAwMDAwMDAwMH19",
          "dependencies": [
            "aws_db_subnet_group.db_subnet_group",
            "aws_ecs_cluster.ecs-cluster-jp",
            "aws_ecs_task_definition.microservices",
            "aws_iam_role.ecs_task_execution_jp",
            "aws_security_group.sg",
            "aws_subnet.subnet",
            "aws_subnet.subnet2",
            "aws_vpc.main",
            "data.aws_availability_zones.available",
            "module.db.module.db_instance.aws_cloudwatch_log_group.this",
            "module.db.module.db_instance.aws_db_instance.this",
            "module.db.module.db_instance.aws_iam_role.enhanced_monitoring",
            "module.db.module.db_instance.data.aws_iam_policy_document.enhanced_monitoring",
            "module.db.module.db_instance.random_id.snapshot_identifier",
            "module.db.module.db_option_group.aws_db_option_group.this",
            "module.db.module.db_parameter_group.aws_db_parameter_group.this",
            "module.db.module.db_subnet_group.aws_db_subnet_group.this",
            "module.rds_security_group.aws_security_group.this",
            "module.rds_security_group.aws_security_group.this_name_prefix"
          ]
        },
        {
          "index_key": "under-micro",
          "schema_version": 0,
          "attributes": {
            "alarms": [],
            "capacity_provider_strategy": [],
            "cluster": "arn:aws:ecs:us-east-1:767397723308:cluster/ecs-cluster-jp",
            "deployment_circuit_breaker": [
              {
                "enable": false,
                "rollback": false
              }
            ],
            "deployment_controller": [
              {
                "type": "ECS"
              }
            ],
            "deployment_maximum_percent": 200,
            "deployment_minimum_healthy_percent": 100,
            "desired_count": 1,
            "enable_ecs_managed_tags": false,
            "enable_execute_command": false,
            "force_new_deployment": null,
            "health_check_grace_period_seconds": 0,
            "iam_role": "/aws-service-role/ecs.amazonaws.com/AWSServiceRoleForECS",
            "id": "arn:aws:ecs:us-east-1:767397723308:service/ecs-cluster-jp/under-micro",
            "launch_type": "FARGATE",
            "load_balancer": [],
            "name": "under-micro",
            "network_configuration": [
              {
                "assign_public_ip": true,
                "security_groups": [
                  "sg-08242ebf590c783ee"
                ],
                "subnets": [
                  "subnet-0d8a5820baecdafda"
                ]
              }
            ],
            "ordered_placement_strategy": [],
            "placement_constraints": [],
            "platform_version": "LATEST",
            "propagate_tags": "NONE",
            "scheduling_strategy": "REPLICA",
            "service_connect_configuration": [],
            "service_registries": [],
            "tags": null,
            "tags_all": {},
            "task_definition": "under-micro:3",
            "timeouts": null,
            "triggers": {},
            "volume_configuration": [],
            "wait_for_steady_state": false
          },
          "sensitive_attributes": [],
          "private": "eyJlMmJmYjczMC1lY2FhLTExZTYtOGY4OC0zNDM2M2JjN2M0YzAiOnsiY3JlYXRlIjoxMjAwMDAwMDAwMDAwLCJkZWxldGUiOjEyMDAwMDAwMDAwMDAsInVwZGF0ZSI6MTIwMDAwMDAwMDAwMH19",
          "dependencies": [
            "aws_db_subnet_group.db_subnet_group",
            "aws_ecs_cluster.ecs-cluster-jp",
            "aws_ecs_task_definition.microservices",
            "aws_iam_role.ecs_task_execution_jp",
            "aws_security_group.sg",
            "aws_subnet.subnet",
            "aws_subnet.subnet2",
            "aws_vpc.main",
            "data.aws_availability_zones.available",
            "module.db.module.db_instance.aws_cloudwatch_log_group.this",
            "module.db.module.db_instance.aws_db_instance.this",
            "module.db.module.db_instance.aws_iam_role.enhanced_monitoring",
            "module.db.module.db_instance.data.aws_iam_policy_document.enhanced_monitoring",
            "module.db.module.db_instance.random_id.snapshot_identifier",
            "module.db.module.db_option_group.aws_db_option_group.this",
            "module.db.module.db_parameter_group.aws_db_parameter_group.this",
            "module.db.module.db_subnet_group.aws_db_subnet_group.this",
            "module.rds_security_group.aws_security_group.this",
            "module.rds_security_group.aws_security_group.this_name_prefix"
          ]
        },
        {
          "index_key": "user-micro",
          "schema_version": 0,
          "attributes": {
            "alarms": [],
            "capacity_provider_strategy": [],
            "cluster": "arn:aws:ecs:us-east-1:767397723308:cluster/ecs-cluster-jp",
            "deployment_circuit_breaker": [
              {
                "enable": false,
                "rollback": false
              }
            ],
            "deployment_controller": [
              {
                "type": "ECS"
              }
            ],
            "deployment_maximum_percent": 200,
            "deployment_minimum_healthy_percent": 100,
            "desired_count": 1,
            "enable_ecs_managed_tags": false,
            "enable_execute_command": false,
            "force_new_deployment": null,
            "health_check_grace_period_seconds": 0,
            "iam_role": "/aws-service-role/ecs.amazonaws.com/AWSServiceRoleForECS",
            "id": "arn:aws:ecs:us-east-1:767397723308:service/ecs-cluster-jp/user-micro",
            "launch_type": "FARGATE",
            "load_balancer": [],
            "name": "user-micro",
            "network_configuration": [
              {
                "assign_public_ip": true,
                "security_groups": [
                  "sg-08242ebf590c783ee"
                ],
                "subnets": [
                  "subnet-0d8a5820baecdafda"
                ]
              }
            ],
            "ordered_placement_strategy": [],
            "placement_constraints": [],
            "platform_version": "LATEST",
            "propagate_tags": "NONE",
            "scheduling_strategy": "REPLICA",
            "service_connect_configuration": [],
            "service_registries": [],
            "tags": null,
            "tags_all": {},
            "task_definition": "user-micro:27",
            "timeouts": null,
            "triggers": {},
            "volume_configuration": [],
            "wait_for_steady_state": false
          },
          "sensitive_attributes": [],
          "private": "eyJlMmJmYjczMC1lY2FhLTExZTYtOGY4OC0zNDM2M2JjN2M0YzAiOnsiY3JlYXRlIjoxMjAwMDAwMDAwMDAwLCJkZWxldGUiOjEyMDAwMDAwMDAwMDAsInVwZGF0ZSI6MTIwMDAwMDAwMDAwMH19",
          "dependencies": [
            "aws_db_subnet_group.db_subnet_group",
            "aws_ecs_cluster.ecs-cluster-jp",
            "aws_ecs_task_definition.microservices",
            "aws_iam_role.ecs_task_execution_jp",
            "aws_security_group.sg",
            "aws_subnet.subnet",
            "aws_subnet.subnet2",
            "aws_vpc.main",
            "data.aws_availability_zones.available",
            "module.db.module.db_instance.aws_cloudwatch_log_group.this",
            "module.db.module.db_instance.aws_db_instance.this",
            "module.db.module.db_instance.aws_iam_role.enhanced_monitoring",
            "module.db.module.db_instance.data.aws_iam_policy_document.enhanced_monitoring",
            "module.db.module.db_instance.random_id.snapshot_identifier",
            "module.db.module.db_option_group.aws_db_option_group.this",
            "module.db.module.db_parameter_group.aws_db_parameter_group.this",
            "module.db.module.db_subnet_group.aws_db_subnet_group.this",
            "module.rds_security_group.aws_security_group.this",
            "module.rds_security_group.aws_security_group.this_name_prefix"
          ]
        }
      ]
    },
    {
      "mode": "managed",
      "type": "aws_ecs_task_definition",
      "name": "microservices",
      "provider": "provider[\"registry.terraform.io/hashicorp/aws\"]",
      "instances": [
        {
          "index_key": "account-micro",
          "schema_version": 1,
          "attributes": {
            "arn": "arn:aws:ecs:us-east-1:767397723308:task-definition/account-micro:3",
            "arn_without_revision": "arn:aws:ecs:us-east-1:767397723308:task-definition/account-micro",
            "container_definitions": "[{\"cpu\":512,\"environment\":[{\"name\":\"DB_HOST\",\"value\":\"alinedb.c9aaakygudzw.us-east-1.rds.amazonaws.com\"},{\"name\":\"DB_NAME\",\"value\":\"alinedb\"},{\"name\":\"DB_PASSWORD\",\"value\":\"Password123\"},{\"name\":\"DB_PORT\",\"value\":\"3306\"},{\"name\":\"DB_USERNAME\",\"value\":\"root\"},{\"name\":\"ENCRYPT_SECRET_KEY\",\"value\":\"mf5ZIxRkF6IJj1AIVreII2ZQ4uhtJ8zC\"},{\"name\":\"JWT_SECRET_KEY\",\"value\":\"x2wOrQfY6RQIfE1ETwZtpflC19KyfN9N\"}],\"essential\":true,\"image\":\"767397723308.dkr.ecr.us-east-1.amazonaws.com/aline-financial-jp:account-micro-v1\",\"memory\":2048,\"mountPoints\":[],\"name\":\"account-micro\",\"portMappings\":[{\"containerPort\":8072,\"hostPort\":8072,\"protocol\":\"tcp\"}],\"systemControls\":[],\"volumesFrom\":[]}]",
            "cpu": "512",
            "ephemeral_storage": [],
            "execution_role_arn": "arn:aws:iam::767397723308:role/ecs_task_execution_jp",
            "family": "account-micro",
            "id": "account-micro",
            "inference_accelerator": [],
            "ipc_mode": "",
            "memory": "2048",
            "network_mode": "awsvpc",
            "pid_mode": "",
            "placement_constraints": [],
            "proxy_configuration": [],
            "requires_compatibilities": [
              "FARGATE"
            ],
            "revision": 3,
            "runtime_platform": [],
            "skip_destroy": false,
            "tags": null,
            "tags_all": {},
            "task_role_arn": "",
            "track_latest": false,
            "volume": []
          },
          "sensitive_attributes": [],
          "private": "eyJzY2hlbWFfdmVyc2lvbiI6IjEifQ==",
          "dependencies": [
            "aws_db_subnet_group.db_subnet_group",
            "aws_iam_role.ecs_task_execution_jp",
            "aws_subnet.subnet",
            "aws_subnet.subnet2",
            "aws_vpc.main",
            "data.aws_availability_zones.available",
            "module.db.module.db_instance.aws_cloudwatch_log_group.this",
            "module.db.module.db_instance.aws_db_instance.this",
            "module.db.module.db_instance.aws_iam_role.enhanced_monitoring",
            "module.db.module.db_instance.data.aws_iam_policy_document.enhanced_monitoring",
            "module.db.module.db_instance.random_id.snapshot_identifier",
            "module.db.module.db_option_group.aws_db_option_group.this",
            "module.db.module.db_parameter_group.aws_db_parameter_group.this",
            "module.db.module.db_subnet_group.aws_db_subnet_group.this",
            "module.rds_security_group.aws_security_group.this",
            "module.rds_security_group.aws_security_group.this_name_prefix"
          ]
        },
        {
          "index_key": "bank-micro",
          "schema_version": 1,
          "attributes": {
            "arn": "arn:aws:ecs:us-east-1:767397723308:task-definition/bank-micro:3",
            "arn_without_revision": "arn:aws:ecs:us-east-1:767397723308:task-definition/bank-micro",
            "container_definitions": "[{\"cpu\":512,\"environment\":[{\"name\":\"DB_HOST\",\"value\":\"alinedb.c9aaakygudzw.us-east-1.rds.amazonaws.com\"},{\"name\":\"DB_NAME\",\"value\":\"alinedb\"},{\"name\":\"DB_PASSWORD\",\"value\":\"Password123\"},{\"name\":\"DB_PORT\",\"value\":\"3306\"},{\"name\":\"DB_USERNAME\",\"value\":\"root\"},{\"name\":\"ENCRYPT_SECRET_KEY\",\"value\":\"mf5ZIxRkF6IJj1AIVreII2ZQ4uhtJ8zC\"},{\"name\":\"JWT_SECRET_KEY\",\"value\":\"x2wOrQfY6RQIfE1ETwZtpflC19KyfN9N\"}],\"essential\":true,\"image\":\"767397723308.dkr.ecr.us-east-1.amazonaws.com/aline-financial-jp:bank-micro-v2\",\"memory\":2048,\"mountPoints\":[],\"name\":\"bank-micro\",\"portMappings\":[{\"containerPort\":8083,\"hostPort\":8083,\"protocol\":\"tcp\"}],\"systemControls\":[],\"volumesFrom\":[]}]",
            "cpu": "512",
            "ephemeral_storage": [],
            "execution_role_arn": "arn:aws:iam::767397723308:role/ecs_task_execution_jp",
            "family": "bank-micro",
            "id": "bank-micro",
            "inference_accelerator": [],
            "ipc_mode": "",
            "memory": "2048",
            "network_mode": "awsvpc",
            "pid_mode": "",
            "placement_constraints": [],
            "proxy_configuration": [],
            "requires_compatibilities": [
              "FARGATE"
            ],
            "revision": 3,
            "runtime_platform": [],
            "skip_destroy": false,
            "tags": null,
            "tags_all": {},
            "task_role_arn": "",
            "track_latest": false,
            "volume": []
          },
          "sensitive_attributes": [],
          "private": "eyJzY2hlbWFfdmVyc2lvbiI6IjEifQ==",
          "dependencies": [
            "aws_db_subnet_group.db_subnet_group",
            "aws_iam_role.ecs_task_execution_jp",
            "aws_subnet.subnet",
            "aws_subnet.subnet2",
            "aws_vpc.main",
            "data.aws_availability_zones.available",
            "module.db.module.db_instance.aws_cloudwatch_log_group.this",
            "module.db.module.db_instance.aws_db_instance.this",
            "module.db.module.db_instance.aws_iam_role.enhanced_monitoring",
            "module.db.module.db_instance.data.aws_iam_policy_document.enhanced_monitoring",
            "module.db.module.db_instance.random_id.snapshot_identifier",
            "module.db.module.db_option_group.aws_db_option_group.this",
            "module.db.module.db_parameter_group.aws_db_parameter_group.this",
            "module.db.module.db_subnet_group.aws_db_subnet_group.this",
            "module.rds_security_group.aws_security_group.this",
            "module.rds_security_group.aws_security_group.this_name_prefix"
          ]
        },
        {
          "index_key": "transaction-micro",
          "schema_version": 1,
          "attributes": {
            "arn": "arn:aws:ecs:us-east-1:767397723308:task-definition/transaction-micro:3",
            "arn_without_revision": "arn:aws:ecs:us-east-1:767397723308:task-definition/transaction-micro",
            "container_definitions": "[{\"cpu\":512,\"environment\":[{\"name\":\"DB_HOST\",\"value\":\"alinedb.c9aaakygudzw.us-east-1.rds.amazonaws.com\"},{\"name\":\"DB_NAME\",\"value\":\"alinedb\"},{\"name\":\"DB_PASSWORD\",\"value\":\"Password123\"},{\"name\":\"DB_PORT\",\"value\":\"3306\"},{\"name\":\"DB_USERNAME\",\"value\":\"root\"},{\"name\":\"ENCRYPT_SECRET_KEY\",\"value\":\"mf5ZIxRkF6IJj1AIVreII2ZQ4uhtJ8zC\"},{\"name\":\"JWT_SECRET_KEY\",\"value\":\"x2wOrQfY6RQIfE1ETwZtpflC19KyfN9N\"}],\"essential\":true,\"image\":\"767397723308.dkr.ecr.us-east-1.amazonaws.com/aline-financial-jp:transaction-micro-v1\",\"memory\":2048,\"mountPoints\":[],\"name\":\"transaction-micro\",\"portMappings\":[{\"containerPort\":8073,\"hostPort\":8073,\"protocol\":\"tcp\"}],\"systemControls\":[],\"volumesFrom\":[]}]",
            "cpu": "512",
            "ephemeral_storage": [],
            "execution_role_arn": "arn:aws:iam::767397723308:role/ecs_task_execution_jp",
            "family": "transaction-micro",
            "id": "transaction-micro",
            "inference_accelerator": [],
            "ipc_mode": "",
            "memory": "2048",
            "network_mode": "awsvpc",
            "pid_mode": "",
            "placement_constraints": [],
            "proxy_configuration": [],
            "requires_compatibilities": [
              "FARGATE"
            ],
            "revision": 3,
            "runtime_platform": [],
            "skip_destroy": false,
            "tags": null,
            "tags_all": {},
            "task_role_arn": "",
            "track_latest": false,
            "volume": []
          },
          "sensitive_attributes": [],
          "private": "eyJzY2hlbWFfdmVyc2lvbiI6IjEifQ==",
          "dependencies": [
            "aws_db_subnet_group.db_subnet_group",
            "aws_iam_role.ecs_task_execution_jp",
            "aws_subnet.subnet",
            "aws_subnet.subnet2",
            "aws_vpc.main",
            "data.aws_availability_zones.available",
            "module.db.module.db_instance.aws_cloudwatch_log_group.this",
            "module.db.module.db_instance.aws_db_instance.this",
            "module.db.module.db_instance.aws_iam_role.enhanced_monitoring",
            "module.db.module.db_instance.data.aws_iam_policy_document.enhanced_monitoring",
            "module.db.module.db_instance.random_id.snapshot_identifier",
            "module.db.module.db_option_group.aws_db_option_group.this",
            "module.db.module.db_parameter_group.aws_db_parameter_group.this",
            "module.db.module.db_subnet_group.aws_db_subnet_group.this",
            "module.rds_security_group.aws_security_group.this",
            "module.rds_security_group.aws_security_group.this_name_prefix"
          ]
        },
        {
          "index_key": "under-micro",
          "schema_version": 1,
          "attributes": {
            "arn": "arn:aws:ecs:us-east-1:767397723308:task-definition/under-micro:3",
            "arn_without_revision": "arn:aws:ecs:us-east-1:767397723308:task-definition/under-micro",
            "container_definitions": "[{\"cpu\":512,\"environment\":[{\"name\":\"DB_HOST\",\"value\":\"alinedb.c9aaakygudzw.us-east-1.rds.amazonaws.com\"},{\"name\":\"DB_NAME\",\"value\":\"alinedb\"},{\"name\":\"DB_PASSWORD\",\"value\":\"Password123\"},{\"name\":\"DB_PORT\",\"value\":\"3306\"},{\"name\":\"DB_USERNAME\",\"value\":\"root\"},{\"name\":\"ENCRYPT_SECRET_KEY\",\"value\":\"mf5ZIxRkF6IJj1AIVreII2ZQ4uhtJ8zC\"},{\"name\":\"JWT_SECRET_KEY\",\"value\":\"x2wOrQfY6RQIfE1ETwZtpflC19KyfN9N\"}],\"essential\":true,\"image\":\"767397723308.dkr.ecr.us-east-1.amazonaws.com/aline-financial-jp:underwriter-micro-v1\",\"memory\":2048,\"mountPoints\":[],\"name\":\"under-micro\",\"portMappings\":[{\"containerPort\":8071,\"hostPort\":8071,\"protocol\":\"tcp\"}],\"systemControls\":[],\"volumesFrom\":[]}]",
            "cpu": "512",
            "ephemeral_storage": [],
            "execution_role_arn": "arn:aws:iam::767397723308:role/ecs_task_execution_jp",
            "family": "under-micro",
            "id": "under-micro",
            "inference_accelerator": [],
            "ipc_mode": "",
            "memory": "2048",
            "network_mode": "awsvpc",
            "pid_mode": "",
            "placement_constraints": [],
            "proxy_configuration": [],
            "requires_compatibilities": [
              "FARGATE"
            ],
            "revision": 3,
            "runtime_platform": [],
            "skip_destroy": false,
            "tags": null,
            "tags_all": {},
            "task_role_arn": "",
            "track_latest": false,
            "volume": []
          },
          "sensitive_attributes": [],
          "private": "eyJzY2hlbWFfdmVyc2lvbiI6IjEifQ==",
          "dependencies": [
            "aws_db_subnet_group.db_subnet_group",
            "aws_iam_role.ecs_task_execution_jp",
            "aws_subnet.subnet",
            "aws_subnet.subnet2",
            "aws_vpc.main",
            "data.aws_availability_zones.available",
            "module.db.module.db_instance.aws_cloudwatch_log_group.this",
            "module.db.module.db_instance.aws_db_instance.this",
            "module.db.module.db_instance.aws_iam_role.enhanced_monitoring",
            "module.db.module.db_instance.data.aws_iam_policy_document.enhanced_monitoring",
            "module.db.module.db_instance.random_id.snapshot_identifier",
            "module.db.module.db_option_group.aws_db_option_group.this",
            "module.db.module.db_parameter_group.aws_db_parameter_group.this",
            "module.db.module.db_subnet_group.aws_db_subnet_group.this",
            "module.rds_security_group.aws_security_group.this",
            "module.rds_security_group.aws_security_group.this_name_prefix"
          ]
        },
        {
          "index_key": "user-micro",
          "schema_version": 1,
          "attributes": {
            "arn": "arn:aws:ecs:us-east-1:767397723308:task-definition/user-micro:27",
            "arn_without_revision": "arn:aws:ecs:us-east-1:767397723308:task-definition/user-micro",
            "container_definitions": "[{\"cpu\":512,\"environment\":[{\"name\":\"DB_HOST\",\"value\":\"alinedb.c9aaakygudzw.us-east-1.rds.amazonaws.com\"},{\"name\":\"DB_NAME\",\"value\":\"alinedb\"},{\"name\":\"DB_PASSWORD\",\"value\":\"Password123\"},{\"name\":\"DB_PORT\",\"value\":\"3306\"},{\"name\":\"DB_USERNAME\",\"value\":\"root\"},{\"name\":\"ENCRYPT_SECRET_KEY\",\"value\":\"mf5ZIxRkF6IJj1AIVreII2ZQ4uhtJ8zC\"},{\"name\":\"JWT_SECRET_KEY\",\"value\":\"x2wOrQfY6RQIfE1ETwZtpflC19KyfN9N\"}],\"essential\":true,\"image\":\"767397723308.dkr.ecr.us-east-1.amazonaws.com/aline-financial-jp:user-micro-11\",\"memory\":2048,\"mountPoints\":[],\"name\":\"user-micro\",\"portMappings\":[{\"containerPort\":8070,\"hostPort\":8070,\"protocol\":\"tcp\"}],\"systemControls\":[],\"volumesFrom\":[]}]",
            "cpu": "512",
            "ephemeral_storage": [],
            "execution_role_arn": "arn:aws:iam::767397723308:role/ecs_task_execution_jp",
            "family": "user-micro",
            "id": "user-micro",
            "inference_accelerator": [],
            "ipc_mode": "",
            "memory": "2048",
            "network_mode": "awsvpc",
            "pid_mode": "",
            "placement_constraints": [],
            "proxy_configuration": [],
            "requires_compatibilities": [
              "FARGATE"
            ],
            "revision": 27,
            "runtime_platform": [],
            "skip_destroy": false,
            "tags": null,
            "tags_all": {},
            "task_role_arn": "",
            "track_latest": false,
            "volume": []
          },
          "sensitive_attributes": [],
          "private": "eyJzY2hlbWFfdmVyc2lvbiI6IjEifQ==",
          "dependencies": [
            "aws_db_subnet_group.db_subnet_group",
            "aws_iam_role.ecs_task_execution_jp",
            "aws_subnet.subnet",
            "aws_subnet.subnet2",
            "aws_vpc.main",
            "data.aws_availability_zones.available",
            "module.db.module.db_instance.aws_cloudwatch_log_group.this",
            "module.db.module.db_instance.aws_db_instance.this",
            "module.db.module.db_instance.aws_iam_role.enhanced_monitoring",
            "module.db.module.db_instance.data.aws_iam_policy_document.enhanced_monitoring",
            "module.db.module.db_instance.random_id.snapshot_identifier",
            "module.db.module.db_option_group.aws_db_option_group.this",
            "module.db.module.db_parameter_group.aws_db_parameter_group.this",
            "module.db.module.db_subnet_group.aws_db_subnet_group.this",
            "module.rds_security_group.aws_security_group.this",
            "module.rds_security_group.aws_security_group.this_name_prefix"
          ]
        }
      ]
    },
    {
      "mode": "managed",
      "type": "aws_iam_role",
      "name": "ecs_task_execution_jp",
      "provider": "provider[\"registry.terraform.io/hashicorp/aws\"]",
      "instances": [
        {
          "schema_version": 0,
          "attributes": {
            "arn": "arn:aws:iam::767397723308:role/ecs_task_execution_jp",
            "assume_role_policy": "{\"Statement\":[{\"Action\":\"sts:AssumeRole\",\"Effect\":\"Allow\",\"Principal\":{\"Service\":\"ecs-tasks.amazonaws.com\"}}],\"Version\":\"2012-10-17\"}",
            "create_date": "2024-05-27T14:19:34Z",
            "description": "",
            "force_detach_policies": false,
            "id": "ecs_task_execution_jp",
            "inline_policy": [],
            "managed_policy_arns": [],
            "max_session_duration": 3600,
            "name": "ecs_task_execution_jp",
            "name_prefix": "",
            "path": "/",
            "permissions_boundary": "",
            "tags": null,
            "tags_all": {},
            "unique_id": "AROA3FLDX7SWNKWPL6PRM"
          },
          "sensitive_attributes": [],
          "private": "bnVsbA=="
        }
      ]
    },
    {
      "mode": "managed",
      "type": "aws_iam_role",
      "name": "ecs_task_role_jp",
      "provider": "provider[\"registry.terraform.io/hashicorp/aws\"]",
      "instances": [
        {
          "schema_version": 0,
          "attributes": {
            "arn": "arn:aws:iam::767397723308:role/ecs_task_role_jp",
            "assume_role_policy": "{\"Statement\":[{\"Action\":\"sts:AssumeRole\",\"Effect\":\"Allow\",\"Principal\":{\"Service\":\"ecs-tasks.amazonaws.com\"}}],\"Version\":\"2012-10-17\"}",
            "create_date": "2024-05-27T14:19:34Z",
            "description": "",
            "force_detach_policies": false,
            "id": "ecs_task_role_jp",
            "inline_policy": [],
            "managed_policy_arns": [],
            "max_session_duration": 3600,
            "name": "ecs_task_role_jp",
            "name_prefix": "",
            "path": "/",
            "permissions_boundary": "",
            "tags": null,
            "tags_all": {},
            "unique_id": "AROA3FLDX7SWH4SAP7R36"
          },
          "sensitive_attributes": [],
          "private": "bnVsbA=="
        }
      ]
    },
    {
      "mode": "managed",
      "type": "aws_iam_role_policy_attachment",
      "name": "ecs_task_execution_policy",
      "provider": "provider[\"registry.terraform.io/hashicorp/aws\"]",
      "instances": [
        {
          "schema_version": 0,
          "attributes": {
            "id": "ecs_task_execution_jp-20240527141935522800000002",
            "policy_arn": "arn:aws:iam::aws:policy/service-role/AmazonECSTaskExecutionRolePolicy",
            "role": "ecs_task_execution_jp"
          },
          "sensitive_attributes": [],
          "private": "bnVsbA==",
          "dependencies": [
            "aws_iam_role.ecs_task_execution_jp"
          ]
        }
      ]
    },
    {
      "mode": "managed",
      "type": "aws_iam_role_policy_attachment",
      "name": "task_role_policy",
      "provider": "provider[\"registry.terraform.io/hashicorp/aws\"]",
      "instances": [
        {
          "schema_version": 0,
          "attributes": {
            "id": "ecs_task_role_jp-20240527141935449900000001",
            "policy_arn": "arn:aws:iam::aws:policy/service-role/AmazonECSTaskExecutionRolePolicy",
            "role": "ecs_task_role_jp"
          },
          "sensitive_attributes": [],
          "private": "bnVsbA==",
          "dependencies": [
            "aws_iam_role.ecs_task_role_jp"
          ]
        }
      ]
    },
    {
      "mode": "managed",
      "type": "aws_internet_gateway",
      "name": "igw",
      "provider": "provider[\"registry.terraform.io/hashicorp/aws\"]",
      "instances": [
        {
          "schema_version": 0,
          "attributes": {
            "arn": "arn:aws:ec2:us-east-1:767397723308:internet-gateway/igw-06c79265f39142804",
            "id": "igw-06c79265f39142804",
            "owner_id": "767397723308",
            "tags": {
              "Name": "igw"
            },
            "tags_all": {
              "Name": "igw"
            },
            "timeouts": null,
            "vpc_id": "vpc-0678d5a630120c043"
          },
          "sensitive_attributes": [],
          "private": "eyJlMmJmYjczMC1lY2FhLTExZTYtOGY4OC0zNDM2M2JjN2M0YzAiOnsiY3JlYXRlIjoxMjAwMDAwMDAwMDAwLCJkZWxldGUiOjEyMDAwMDAwMDAwMDAsInVwZGF0ZSI6MTIwMDAwMDAwMDAwMH19",
          "dependencies": [
            "aws_vpc.main"
          ]
        }
      ]
    },
    {
      "mode": "managed",
      "type": "aws_lb",
      "name": "ecs_alb",
      "provider": "provider[\"registry.terraform.io/hashicorp/aws\"]",
      "instances": [
        {
          "schema_version": 0,
          "attributes": {
            "access_logs": [
              {
                "bucket": "",
                "enabled": false,
                "prefix": ""
              }
            ],
            "arn": "arn:aws:elasticloadbalancing:us-east-1:767397723308:loadbalancer/app/ecs-alb-ls/91d96272a7013c01",
            "arn_suffix": "app/ecs-alb-ls/91d96272a7013c01",
            "client_keep_alive": 3600,
            "connection_logs": [
              {
                "bucket": "",
                "enabled": false,
                "prefix": ""
              }
            ],
            "customer_owned_ipv4_pool": "",
            "desync_mitigation_mode": "defensive",
            "dns_name": "internal-ecs-alb-ls-850030335.us-east-1.elb.amazonaws.com",
            "dns_record_client_routing_policy": null,
            "drop_invalid_header_fields": false,
            "enable_cross_zone_load_balancing": true,
            "enable_deletion_protection": false,
            "enable_http2": true,
            "enable_tls_version_and_cipher_suite_headers": false,
            "enable_waf_fail_open": false,
            "enable_xff_client_port": false,
            "enforce_security_group_inbound_rules_on_private_link_traffic": "",
            "id": "arn:aws:elasticloadbalancing:us-east-1:767397723308:loadbalancer/app/ecs-alb-ls/91d96272a7013c01",
            "idle_timeout": 60,
            "internal": true,
            "ip_address_type": "ipv4",
            "load_balancer_type": "application",
            "name": "ecs-alb-ls",
            "name_prefix": "",
            "preserve_host_header": false,
            "security_groups": [
              "sg-0302124c42d0200cf"
            ],
            "subnet_mapping": [
              {
                "allocation_id": "",
                "ipv6_address": "",
                "outpost_id": "",
                "private_ipv4_address": "",
                "subnet_id": "subnet-0b315a1b438bc7e67"
              },
              {
                "allocation_id": "",
                "ipv6_address": "",
                "outpost_id": "",
                "private_ipv4_address": "",
                "subnet_id": "subnet-0d8a5820baecdafda"
              }
            ],
            "subnets": [
              "subnet-0b315a1b438bc7e67",
              "subnet-0d8a5820baecdafda"
            ],
            "tags": {
              "Name": "ecs-alb-ls"
            },
            "tags_all": {
              "Name": "ecs-alb-ls"
            },
            "timeouts": null,
            "vpc_id": "vpc-0678d5a630120c043",
            "xff_header_processing_mode": "append",
            "zone_id": "Z35SXDOTRQ7X7K"
          },
          "sensitive_attributes": [],
          "private": "eyJlMmJmYjczMC1lY2FhLTExZTYtOGY4OC0zNDM2M2JjN2M0YzAiOnsiY3JlYXRlIjo2MDAwMDAwMDAwMDAsImRlbGV0ZSI6NjAwMDAwMDAwMDAwLCJ1cGRhdGUiOjYwMDAwMDAwMDAwMH19",
          "dependencies": [
            "aws_security_group.alb_sg",
            "aws_subnet.subnet",
            "aws_subnet.subnet2",
            "aws_vpc.main",
            "data.aws_availability_zones.available"
          ],
          "create_before_destroy": true
        }
      ]
    },
    {
      "mode": "managed",
      "type": "aws_lb_listener",
      "name": "account",
      "provider": "provider[\"registry.terraform.io/hashicorp/aws\"]",
      "instances": [
        {
          "schema_version": 0,
          "attributes": {
            "alpn_policy": null,
            "arn": "arn:aws:elasticloadbalancing:us-east-1:767397723308:listener/app/ecs-alb-ls/91d96272a7013c01/89a52fff5714c6b5",
            "certificate_arn": null,
            "default_action": [
              {
                "authenticate_cognito": [],
                "authenticate_oidc": [],
                "fixed_response": [],
                "forward": [],
                "order": 1,
                "redirect": [],
                "target_group_arn": "arn:aws:elasticloadbalancing:us-east-1:767397723308:targetgroup/tg-account-jp/ba13ea7d3717edc4",
                "type": "forward"
              }
            ],
            "id": "arn:aws:elasticloadbalancing:us-east-1:767397723308:listener/app/ecs-alb-ls/91d96272a7013c01/89a52fff5714c6b5",
            "load_balancer_arn": "arn:aws:elasticloadbalancing:us-east-1:767397723308:loadbalancer/app/ecs-alb-ls/91d96272a7013c01",
            "mutual_authentication": [],
            "port": 8072,
            "protocol": "HTTP",
            "ssl_policy": "",
            "tags": null,
            "tags_all": {},
            "timeouts": null
          },
          "sensitive_attributes": [],
          "private": "eyJlMmJmYjczMC1lY2FhLTExZTYtOGY4OC0zNDM2M2JjN2M0YzAiOnsiY3JlYXRlIjozMDAwMDAwMDAwMDAsInVwZGF0ZSI6MzAwMDAwMDAwMDAwfX0=",
          "dependencies": [
            "aws_lb.ecs_alb",
            "aws_lb_target_group.account",
            "aws_security_group.alb_sg",
            "aws_subnet.subnet",
            "aws_subnet.subnet2",
            "aws_vpc.main",
            "data.aws_availability_zones.available"
          ]
        }
      ]
    },
    {
      "mode": "managed",
      "type": "aws_lb_listener",
      "name": "bank",
      "provider": "provider[\"registry.terraform.io/hashicorp/aws\"]",
      "instances": [
        {
          "schema_version": 0,
          "attributes": {
            "alpn_policy": null,
            "arn": "arn:aws:elasticloadbalancing:us-east-1:767397723308:listener/app/ecs-alb-ls/91d96272a7013c01/77dcee41db2809cb",
            "certificate_arn": null,
            "default_action": [
              {
                "authenticate_cognito": [],
                "authenticate_oidc": [],
                "fixed_response": [],
                "forward": [],
                "order": 1,
                "redirect": [],
                "target_group_arn": "arn:aws:elasticloadbalancing:us-east-1:767397723308:targetgroup/tg-bank-jp/bb55405ca7f0b863",
                "type": "forward"
              }
            ],
            "id": "arn:aws:elasticloadbalancing:us-east-1:767397723308:listener/app/ecs-alb-ls/91d96272a7013c01/77dcee41db2809cb",
            "load_balancer_arn": "arn:aws:elasticloadbalancing:us-east-1:767397723308:loadbalancer/app/ecs-alb-ls/91d96272a7013c01",
            "mutual_authentication": [],
            "port": 8083,
            "protocol": "HTTP",
            "ssl_policy": "",
            "tags": null,
            "tags_all": {},
            "timeouts": null
          },
          "sensitive_attributes": [],
          "private": "eyJlMmJmYjczMC1lY2FhLTExZTYtOGY4OC0zNDM2M2JjN2M0YzAiOnsiY3JlYXRlIjozMDAwMDAwMDAwMDAsInVwZGF0ZSI6MzAwMDAwMDAwMDAwfX0=",
          "dependencies": [
            "aws_lb.ecs_alb",
            "aws_lb_target_group.bank",
            "aws_security_group.alb_sg",
            "aws_subnet.subnet",
            "aws_subnet.subnet2",
            "aws_vpc.main",
            "data.aws_availability_zones.available"
          ]
        }
      ]
    },
    {
      "mode": "managed",
      "type": "aws_lb_listener",
      "name": "transaction",
      "provider": "provider[\"registry.terraform.io/hashicorp/aws\"]",
      "instances": [
        {
          "schema_version": 0,
          "attributes": {
            "alpn_policy": null,
            "arn": "arn:aws:elasticloadbalancing:us-east-1:767397723308:listener/app/ecs-alb-ls/91d96272a7013c01/563aa0c6f7633d62",
            "certificate_arn": null,
            "default_action": [
              {
                "authenticate_cognito": [],
                "authenticate_oidc": [],
                "fixed_response": [],
                "forward": [],
                "order": 1,
                "redirect": [],
                "target_group_arn": "arn:aws:elasticloadbalancing:us-east-1:767397723308:targetgroup/tg-transaction-jp/2af2b524505aea03",
                "type": "forward"
              }
            ],
            "id": "arn:aws:elasticloadbalancing:us-east-1:767397723308:listener/app/ecs-alb-ls/91d96272a7013c01/563aa0c6f7633d62",
            "load_balancer_arn": "arn:aws:elasticloadbalancing:us-east-1:767397723308:loadbalancer/app/ecs-alb-ls/91d96272a7013c01",
            "mutual_authentication": [],
            "port": 8073,
            "protocol": "HTTP",
            "ssl_policy": "",
            "tags": null,
            "tags_all": {},
            "timeouts": null
          },
          "sensitive_attributes": [],
          "private": "eyJlMmJmYjczMC1lY2FhLTExZTYtOGY4OC0zNDM2M2JjN2M0YzAiOnsiY3JlYXRlIjozMDAwMDAwMDAwMDAsInVwZGF0ZSI6MzAwMDAwMDAwMDAwfX0=",
          "dependencies": [
            "aws_lb.ecs_alb",
            "aws_lb_target_group.transaction",
            "aws_security_group.alb_sg",
            "aws_subnet.subnet",
            "aws_subnet.subnet2",
            "aws_vpc.main",
            "data.aws_availability_zones.available"
          ]
        }
      ]
    },
    {
      "mode": "managed",
      "type": "aws_lb_listener",
      "name": "underwriter",
      "provider": "provider[\"registry.terraform.io/hashicorp/aws\"]",
      "instances": [
        {
          "schema_version": 0,
          "attributes": {
            "alpn_policy": null,
            "arn": "arn:aws:elasticloadbalancing:us-east-1:767397723308:listener/app/ecs-alb-ls/91d96272a7013c01/5d40cee8314fde77",
            "certificate_arn": null,
            "default_action": [
              {
                "authenticate_cognito": [],
                "authenticate_oidc": [],
                "fixed_response": [],
                "forward": [],
                "order": 1,
                "redirect": [],
                "target_group_arn": "arn:aws:elasticloadbalancing:us-east-1:767397723308:targetgroup/tg-underwriter-jp/0c54c4faf7db4c7c",
                "type": "forward"
              }
            ],
            "id": "arn:aws:elasticloadbalancing:us-east-1:767397723308:listener/app/ecs-alb-ls/91d96272a7013c01/5d40cee8314fde77",
            "load_balancer_arn": "arn:aws:elasticloadbalancing:us-east-1:767397723308:loadbalancer/app/ecs-alb-ls/91d96272a7013c01",
            "mutual_authentication": [],
            "port": 8071,
            "protocol": "HTTP",
            "ssl_policy": "",
            "tags": null,
            "tags_all": {},
            "timeouts": null
          },
          "sensitive_attributes": [],
          "private": "eyJlMmJmYjczMC1lY2FhLTExZTYtOGY4OC0zNDM2M2JjN2M0YzAiOnsiY3JlYXRlIjozMDAwMDAwMDAwMDAsInVwZGF0ZSI6MzAwMDAwMDAwMDAwfX0=",
          "dependencies": [
            "aws_lb.ecs_alb",
            "aws_lb_target_group.underwriter",
            "aws_security_group.alb_sg",
            "aws_subnet.subnet",
            "aws_subnet.subnet2",
            "aws_vpc.main",
            "data.aws_availability_zones.available"
          ]
        }
      ]
    },
    {
      "mode": "managed",
      "type": "aws_lb_listener",
      "name": "user",
      "provider": "provider[\"registry.terraform.io/hashicorp/aws\"]",
      "instances": [
        {
          "schema_version": 0,
          "attributes": {
            "alpn_policy": null,
            "arn": "arn:aws:elasticloadbalancing:us-east-1:767397723308:listener/app/ecs-alb-ls/91d96272a7013c01/90b3c7f49dec14b4",
            "certificate_arn": null,
            "default_action": [
              {
                "authenticate_cognito": [],
                "authenticate_oidc": [],
                "fixed_response": [],
                "forward": [],
                "order": 1,
                "redirect": [],
                "target_group_arn": "arn:aws:elasticloadbalancing:us-east-1:767397723308:targetgroup/tg-user-jp/c536b026939c702a",
                "type": "forward"
              }
            ],
            "id": "arn:aws:elasticloadbalancing:us-east-1:767397723308:listener/app/ecs-alb-ls/91d96272a7013c01/90b3c7f49dec14b4",
            "load_balancer_arn": "arn:aws:elasticloadbalancing:us-east-1:767397723308:loadbalancer/app/ecs-alb-ls/91d96272a7013c01",
            "mutual_authentication": [],
            "port": 8070,
            "protocol": "HTTP",
            "ssl_policy": "",
            "tags": null,
            "tags_all": {},
            "timeouts": null
          },
          "sensitive_attributes": [],
          "private": "eyJlMmJmYjczMC1lY2FhLTExZTYtOGY4OC0zNDM2M2JjN2M0YzAiOnsiY3JlYXRlIjozMDAwMDAwMDAwMDAsInVwZGF0ZSI6MzAwMDAwMDAwMDAwfX0=",
          "dependencies": [
            "aws_lb.ecs_alb",
            "aws_lb_target_group.user",
            "aws_security_group.alb_sg",
            "aws_subnet.subnet",
            "aws_subnet.subnet2",
            "aws_vpc.main",
            "data.aws_availability_zones.available"
          ]
        }
      ]
    },
    {
      "mode": "managed",
      "type": "aws_lb_target_group",
      "name": "account",
      "provider": "provider[\"registry.terraform.io/hashicorp/aws\"]",
      "instances": [
        {
          "schema_version": 0,
          "attributes": {
            "arn": "arn:aws:elasticloadbalancing:us-east-1:767397723308:targetgroup/tg-account-jp/ba13ea7d3717edc4",
            "arn_suffix": "targetgroup/tg-account-jp/ba13ea7d3717edc4",
            "connection_termination": null,
            "deregistration_delay": "300",
            "health_check": [
              {
                "enabled": true,
                "healthy_threshold": 3,
                "interval": 30,
                "matcher": "200",
                "path": "/health",
                "port": "traffic-port",
                "protocol": "HTTP",
                "timeout": 5,
                "unhealthy_threshold": 3
              }
            ],
            "id": "arn:aws:elasticloadbalancing:us-east-1:767397723308:targetgroup/tg-account-jp/ba13ea7d3717edc4",
            "ip_address_type": "ipv4",
            "lambda_multi_value_headers_enabled": false,
            "load_balancer_arns": [],
            "load_balancing_algorithm_type": "round_robin",
            "load_balancing_anomaly_mitigation": "off",
            "load_balancing_cross_zone_enabled": "use_load_balancer_configuration",
            "name": "tg-account-jp",
            "name_prefix": "",
            "port": 8072,
            "preserve_client_ip": null,
            "protocol": "HTTP",
            "protocol_version": "HTTP1",
            "proxy_protocol_v2": false,
            "slow_start": 0,
            "stickiness": [
              {
                "cookie_duration": 86400,
                "cookie_name": "",
                "enabled": false,
                "type": "lb_cookie"
              }
            ],
            "tags": null,
            "tags_all": {},
            "target_failover": [
              {
                "on_deregistration": null,
                "on_unhealthy": null
              }
            ],
            "target_health_state": [
              {
                "enable_unhealthy_connection_termination": null
              }
            ],
            "target_type": "ip",
            "vpc_id": "vpc-0678d5a630120c043"
          },
          "sensitive_attributes": [],
          "private": "bnVsbA==",
          "dependencies": [
            "aws_vpc.main"
          ]
        }
      ]
    },
    {
      "mode": "managed",
      "type": "aws_lb_target_group",
      "name": "bank",
      "provider": "provider[\"registry.terraform.io/hashicorp/aws\"]",
      "instances": [
        {
          "schema_version": 0,
          "attributes": {
            "arn": "arn:aws:elasticloadbalancing:us-east-1:767397723308:targetgroup/tg-bank-jp/bb55405ca7f0b863",
            "arn_suffix": "targetgroup/tg-bank-jp/bb55405ca7f0b863",
            "connection_termination": null,
            "deregistration_delay": "300",
            "health_check": [
              {
                "enabled": true,
                "healthy_threshold": 3,
                "interval": 30,
                "matcher": "200",
                "path": "/health",
                "port": "traffic-port",
                "protocol": "HTTP",
                "timeout": 5,
                "unhealthy_threshold": 3
              }
            ],
            "id": "arn:aws:elasticloadbalancing:us-east-1:767397723308:targetgroup/tg-bank-jp/bb55405ca7f0b863",
            "ip_address_type": "ipv4",
            "lambda_multi_value_headers_enabled": false,
            "load_balancer_arns": [],
            "load_balancing_algorithm_type": "round_robin",
            "load_balancing_anomaly_mitigation": "off",
            "load_balancing_cross_zone_enabled": "use_load_balancer_configuration",
            "name": "tg-bank-jp",
            "name_prefix": "",
            "port": 8083,
            "preserve_client_ip": null,
            "protocol": "HTTP",
            "protocol_version": "HTTP1",
            "proxy_protocol_v2": false,
            "slow_start": 0,
            "stickiness": [
              {
                "cookie_duration": 86400,
                "cookie_name": "",
                "enabled": false,
                "type": "lb_cookie"
              }
            ],
            "tags": null,
            "tags_all": {},
            "target_failover": [
              {
                "on_deregistration": null,
                "on_unhealthy": null
              }
            ],
            "target_health_state": [
              {
                "enable_unhealthy_connection_termination": null
              }
            ],
            "target_type": "ip",
            "vpc_id": "vpc-0678d5a630120c043"
          },
          "sensitive_attributes": [],
          "private": "bnVsbA==",
          "dependencies": [
            "aws_vpc.main"
          ]
        }
      ]
    },
    {
      "mode": "managed",
      "type": "aws_lb_target_group",
      "name": "transaction",
      "provider": "provider[\"registry.terraform.io/hashicorp/aws\"]",
      "instances": [
        {
          "schema_version": 0,
          "attributes": {
            "arn": "arn:aws:elasticloadbalancing:us-east-1:767397723308:targetgroup/tg-transaction-jp/2af2b524505aea03",
            "arn_suffix": "targetgroup/tg-transaction-jp/2af2b524505aea03",
            "connection_termination": null,
            "deregistration_delay": "300",
            "health_check": [
              {
                "enabled": true,
                "healthy_threshold": 3,
                "interval": 30,
                "matcher": "200",
                "path": "/health",
                "port": "traffic-port",
                "protocol": "HTTP",
                "timeout": 5,
                "unhealthy_threshold": 3
              }
            ],
            "id": "arn:aws:elasticloadbalancing:us-east-1:767397723308:targetgroup/tg-transaction-jp/2af2b524505aea03",
            "ip_address_type": "ipv4",
            "lambda_multi_value_headers_enabled": false,
            "load_balancer_arns": [],
            "load_balancing_algorithm_type": "round_robin",
            "load_balancing_anomaly_mitigation": "off",
            "load_balancing_cross_zone_enabled": "use_load_balancer_configuration",
            "name": "tg-transaction-jp",
            "name_prefix": "",
            "port": 8073,
            "preserve_client_ip": null,
            "protocol": "HTTP",
            "protocol_version": "HTTP1",
            "proxy_protocol_v2": false,
            "slow_start": 0,
            "stickiness": [
              {
                "cookie_duration": 86400,
                "cookie_name": "",
                "enabled": false,
                "type": "lb_cookie"
              }
            ],
            "tags": null,
            "tags_all": {},
            "target_failover": [
              {
                "on_deregistration": null,
                "on_unhealthy": null
              }
            ],
            "target_health_state": [
              {
                "enable_unhealthy_connection_termination": null
              }
            ],
            "target_type": "ip",
            "vpc_id": "vpc-0678d5a630120c043"
          },
          "sensitive_attributes": [],
          "private": "bnVsbA==",
          "dependencies": [
            "aws_vpc.main"
          ]
        }
      ]
    },
    {
      "mode": "managed",
      "type": "aws_lb_target_group",
      "name": "underwriter",
      "provider": "provider[\"registry.terraform.io/hashicorp/aws\"]",
      "instances": [
        {
          "schema_version": 0,
          "attributes": {
            "arn": "arn:aws:elasticloadbalancing:us-east-1:767397723308:targetgroup/tg-underwriter-jp/0c54c4faf7db4c7c",
            "arn_suffix": "targetgroup/tg-underwriter-jp/0c54c4faf7db4c7c",
            "connection_termination": null,
            "deregistration_delay": "300",
            "health_check": [
              {
                "enabled": true,
                "healthy_threshold": 3,
                "interval": 30,
                "matcher": "200",
                "path": "/health",
                "port": "traffic-port",
                "protocol": "HTTP",
                "timeout": 5,
                "unhealthy_threshold": 3
              }
            ],
            "id": "arn:aws:elasticloadbalancing:us-east-1:767397723308:targetgroup/tg-underwriter-jp/0c54c4faf7db4c7c",
            "ip_address_type": "ipv4",
            "lambda_multi_value_headers_enabled": false,
            "load_balancer_arns": [],
            "load_balancing_algorithm_type": "round_robin",
            "load_balancing_anomaly_mitigation": "off",
            "load_balancing_cross_zone_enabled": "use_load_balancer_configuration",
            "name": "tg-underwriter-jp",
            "name_prefix": "",
            "port": 8071,
            "preserve_client_ip": null,
            "protocol": "HTTP",
            "protocol_version": "HTTP1",
            "proxy_protocol_v2": false,
            "slow_start": 0,
            "stickiness": [
              {
                "cookie_duration": 86400,
                "cookie_name": "",
                "enabled": false,
                "type": "lb_cookie"
              }
            ],
            "tags": null,
            "tags_all": {},
            "target_failover": [
              {
                "on_deregistration": null,
                "on_unhealthy": null
              }
            ],
            "target_health_state": [
              {
                "enable_unhealthy_connection_termination": null
              }
            ],
            "target_type": "ip",
            "vpc_id": "vpc-0678d5a630120c043"
          },
          "sensitive_attributes": [],
          "private": "bnVsbA==",
          "dependencies": [
            "aws_vpc.main"
          ]
        }
      ]
    },
    {
      "mode": "managed",
      "type": "aws_lb_target_group",
      "name": "user",
      "provider": "provider[\"registry.terraform.io/hashicorp/aws\"]",
      "instances": [
        {
          "schema_version": 0,
          "attributes": {
            "arn": "arn:aws:elasticloadbalancing:us-east-1:767397723308:targetgroup/tg-user-jp/c536b026939c702a",
            "arn_suffix": "targetgroup/tg-user-jp/c536b026939c702a",
            "connection_termination": null,
            "deregistration_delay": "300",
            "health_check": [
              {
                "enabled": true,
                "healthy_threshold": 3,
                "interval": 30,
                "matcher": "200",
                "path": "/health",
                "port": "traffic-port",
                "protocol": "HTTP",
                "timeout": 5,
                "unhealthy_threshold": 3
              }
            ],
            "id": "arn:aws:elasticloadbalancing:us-east-1:767397723308:targetgroup/tg-user-jp/c536b026939c702a",
            "ip_address_type": "ipv4",
            "lambda_multi_value_headers_enabled": false,
            "load_balancer_arns": [],
            "load_balancing_algorithm_type": "round_robin",
            "load_balancing_anomaly_mitigation": "off",
            "load_balancing_cross_zone_enabled": "use_load_balancer_configuration",
            "name": "tg-user-jp",
            "name_prefix": "",
            "port": 8070,
            "preserve_client_ip": null,
            "protocol": "HTTP",
            "protocol_version": "HTTP1",
            "proxy_protocol_v2": false,
            "slow_start": 0,
            "stickiness": [
              {
                "cookie_duration": 86400,
                "cookie_name": "",
                "enabled": false,
                "type": "lb_cookie"
              }
            ],
            "tags": null,
            "tags_all": {},
            "target_failover": [
              {
                "on_deregistration": null,
                "on_unhealthy": null
              }
            ],
            "target_health_state": [
              {
                "enable_unhealthy_connection_termination": null
              }
            ],
            "target_type": "ip",
            "vpc_id": "vpc-0678d5a630120c043"
          },
          "sensitive_attributes": [],
          "private": "bnVsbA==",
          "dependencies": [
            "aws_vpc.main"
          ]
        }
      ]
    },
    {
      "mode": "managed",
      "type": "aws_route_table",
      "name": "rt",
      "provider": "provider[\"registry.terraform.io/hashicorp/aws\"]",
      "instances": [
        {
          "schema_version": 0,
          "attributes": {
            "arn": "arn:aws:ec2:us-east-1:767397723308:route-table/rtb-0a5f95d7bba25e85b",
            "id": "rtb-0a5f95d7bba25e85b",
            "owner_id": "767397723308",
            "propagating_vgws": [],
            "route": [
              {
                "carrier_gateway_id": "",
                "cidr_block": "0.0.0.0/0",
                "core_network_arn": "",
                "destination_prefix_list_id": "",
                "egress_only_gateway_id": "",
                "gateway_id": "igw-06c79265f39142804",
                "ipv6_cidr_block": "",
                "local_gateway_id": "",
                "nat_gateway_id": "",
                "network_interface_id": "",
                "transit_gateway_id": "",
                "vpc_endpoint_id": "",
                "vpc_peering_connection_id": ""
              }
            ],
            "tags": null,
            "tags_all": {},
            "timeouts": null,
            "vpc_id": "vpc-0678d5a630120c043"
          },
          "sensitive_attributes": [],
          "private": "eyJlMmJmYjczMC1lY2FhLTExZTYtOGY4OC0zNDM2M2JjN2M0YzAiOnsiY3JlYXRlIjozMDAwMDAwMDAwMDAsImRlbGV0ZSI6MzAwMDAwMDAwMDAwLCJ1cGRhdGUiOjEyMDAwMDAwMDAwMH19",
          "dependencies": [
            "aws_internet_gateway.igw",
            "aws_vpc.main"
          ]
        }
      ]
    },
    {
      "mode": "managed",
      "type": "aws_route_table_association",
      "name": "subnet_route",
      "provider": "provider[\"registry.terraform.io/hashicorp/aws\"]",
      "instances": [
        {
          "schema_version": 0,
          "attributes": {
            "gateway_id": "",
            "id": "rtbassoc-00a709fb8ca72dc48",
            "route_table_id": "rtb-0a5f95d7bba25e85b",
            "subnet_id": "subnet-0d8a5820baecdafda",
            "timeouts": null
          },
          "sensitive_attributes": [],
          "private": "eyJlMmJmYjczMC1lY2FhLTExZTYtOGY4OC0zNDM2M2JjN2M0YzAiOnsiY3JlYXRlIjozMDAwMDAwMDAwMDAsImRlbGV0ZSI6MzAwMDAwMDAwMDAwLCJ1cGRhdGUiOjEyMDAwMDAwMDAwMH19",
          "dependencies": [
            "aws_internet_gateway.igw",
            "aws_route_table.rt",
            "aws_subnet.subnet",
            "aws_vpc.main",
            "data.aws_availability_zones.available"
          ]
        }
      ]
    },
    {
      "mode": "managed",
      "type": "aws_security_group",
      "name": "alb_sg",
      "provider": "provider[\"registry.terraform.io/hashicorp/aws\"]",
      "instances": [
        {
          "schema_version": 1,
          "attributes": {
            "arn": "arn:aws:ec2:us-east-1:767397723308:security-group/sg-0302124c42d0200cf",
            "description": "Security group for ALB",
            "egress": [
              {
                "cidr_blocks": [
                  "0.0.0.0/0"
                ],
                "description": "",
                "from_port": 0,
                "ipv6_cidr_blocks": [],
                "prefix_list_ids": [],
                "protocol": "-1",
                "security_groups": [],
                "self": false,
                "to_port": 0
              }
            ],
            "id": "sg-0302124c42d0200cf",
            "ingress": [
              {
                "cidr_blocks": [
                  "0.0.0.0/0"
                ],
                "description": "any",
                "from_port": 0,
                "ipv6_cidr_blocks": [],
                "prefix_list_ids": [],
                "protocol": "-1",
                "security_groups": [],
                "self": false,
                "to_port": 0
              }
            ],
            "name": "alb-security-group-jp",
            "name_prefix": "",
            "owner_id": "767397723308",
            "revoke_rules_on_delete": false,
            "tags": null,
            "tags_all": {},
            "timeouts": null,
            "vpc_id": "vpc-0678d5a630120c043"
          },
          "sensitive_attributes": [],
          "private": "eyJlMmJmYjczMC1lY2FhLTExZTYtOGY4OC0zNDM2M2JjN2M0YzAiOnsiY3JlYXRlIjo2MDAwMDAwMDAwMDAsImRlbGV0ZSI6OTAwMDAwMDAwMDAwfSwic2NoZW1hX3ZlcnNpb24iOiIxIn0=",
          "dependencies": [
            "aws_vpc.main"
          ],
          "create_before_destroy": true
        }
      ]
    },
    {
      "mode": "managed",
      "type": "aws_security_group",
      "name": "sg",
      "provider": "provider[\"registry.terraform.io/hashicorp/aws\"]",
      "instances": [
        {
          "schema_version": 1,
          "attributes": {
            "arn": "arn:aws:ec2:us-east-1:767397723308:security-group/sg-08242ebf590c783ee",
            "description": "Managed by Terraform",
            "egress": [
              {
                "cidr_blocks": [
                  "0.0.0.0/0"
                ],
                "description": "",
                "from_port": 0,
                "ipv6_cidr_blocks": [],
                "prefix_list_ids": [],
                "protocol": "-1",
                "security_groups": [],
                "self": false,
                "to_port": 0
              }
            ],
            "id": "sg-08242ebf590c783ee",
            "ingress": [
              {
                "cidr_blocks": [
                  "0.0.0.0/0"
                ],
                "description": "http",
                "from_port": 0,
                "ipv6_cidr_blocks": [],
                "prefix_list_ids": [],
                "protocol": "-1",
                "security_groups": [],
                "self": false,
                "to_port": 0
              }
            ],
            "name": "ecs-sg",
            "name_prefix": "",
            "owner_id": "767397723308",
            "revoke_rules_on_delete": false,
            "tags": null,
            "tags_all": {},
            "timeouts": null,
            "vpc_id": "vpc-0678d5a630120c043"
          },
          "sensitive_attributes": [],
          "private": "eyJlMmJmYjczMC1lY2FhLTExZTYtOGY4OC0zNDM2M2JjN2M0YzAiOnsiY3JlYXRlIjo2MDAwMDAwMDAwMDAsImRlbGV0ZSI6OTAwMDAwMDAwMDAwfSwic2NoZW1hX3ZlcnNpb24iOiIxIn0=",
          "dependencies": [
            "aws_vpc.main"
          ]
        }
      ]
    },
    {
      "mode": "managed",
      "type": "aws_subnet",
      "name": "subnet",
      "provider": "provider[\"registry.terraform.io/hashicorp/aws\"]",
      "instances": [
        {
          "schema_version": 1,
          "attributes": {
            "arn": "arn:aws:ec2:us-east-1:767397723308:subnet/subnet-0d8a5820baecdafda",
            "assign_ipv6_address_on_creation": false,
            "availability_zone": "us-east-1a",
            "availability_zone_id": "use1-az4",
            "cidr_block": "10.0.1.0/24",
            "customer_owned_ipv4_pool": "",
            "enable_dns64": false,
            "enable_lni_at_device_index": 0,
            "enable_resource_name_dns_a_record_on_launch": false,
            "enable_resource_name_dns_aaaa_record_on_launch": false,
            "id": "subnet-0d8a5820baecdafda",
            "ipv6_cidr_block": "",
            "ipv6_cidr_block_association_id": "",
            "ipv6_native": false,
            "map_customer_owned_ip_on_launch": false,
            "map_public_ip_on_launch": true,
            "outpost_arn": "",
            "owner_id": "767397723308",
            "private_dns_hostname_type_on_launch": "ip-name",
            "tags": null,
            "tags_all": {},
            "timeouts": null,
            "vpc_id": "vpc-0678d5a630120c043"
          },
          "sensitive_attributes": [],
          "private": "eyJlMmJmYjczMC1lY2FhLTExZTYtOGY4OC0zNDM2M2JjN2M0YzAiOnsiY3JlYXRlIjo2MDAwMDAwMDAwMDAsImRlbGV0ZSI6MTIwMDAwMDAwMDAwMH0sInNjaGVtYV92ZXJzaW9uIjoiMSJ9",
          "dependencies": [
            "aws_vpc.main",
            "data.aws_availability_zones.available"
          ],
          "create_before_destroy": true
        }
      ]
    },
    {
      "mode": "managed",
      "type": "aws_subnet",
      "name": "subnet2",
      "provider": "provider[\"registry.terraform.io/hashicorp/aws\"]",
      "instances": [
        {
          "schema_version": 1,
          "attributes": {
            "arn": "arn:aws:ec2:us-east-1:767397723308:subnet/subnet-0b315a1b438bc7e67",
            "assign_ipv6_address_on_creation": false,
            "availability_zone": "us-east-1b",
            "availability_zone_id": "use1-az6",
            "cidr_block": "10.0.2.0/24",
            "customer_owned_ipv4_pool": "",
            "enable_dns64": false,
            "enable_lni_at_device_index": 0,
            "enable_resource_name_dns_a_record_on_launch": false,
            "enable_resource_name_dns_aaaa_record_on_launch": false,
            "id": "subnet-0b315a1b438bc7e67",
            "ipv6_cidr_block": "",
            "ipv6_cidr_block_association_id": "",
            "ipv6_native": false,
            "map_customer_owned_ip_on_launch": false,
            "map_public_ip_on_launch": true,
            "outpost_arn": "",
            "owner_id": "767397723308",
            "private_dns_hostname_type_on_launch": "ip-name",
            "tags": null,
            "tags_all": {},
            "timeouts": null,
            "vpc_id": "vpc-0678d5a630120c043"
          },
          "sensitive_attributes": [],
          "private": "eyJlMmJmYjczMC1lY2FhLTExZTYtOGY4OC0zNDM2M2JjN2M0YzAiOnsiY3JlYXRlIjo2MDAwMDAwMDAwMDAsImRlbGV0ZSI6MTIwMDAwMDAwMDAwMH0sInNjaGVtYV92ZXJzaW9uIjoiMSJ9",
          "dependencies": [
            "aws_vpc.main",
            "data.aws_availability_zones.available"
          ],
          "create_before_destroy": true
        }
      ]
    },
    {
      "mode": "managed",
      "type": "aws_vpc",
      "name": "main",
      "provider": "provider[\"registry.terraform.io/hashicorp/aws\"]",
      "instances": [
        {
          "schema_version": 1,
          "attributes": {
            "arn": "arn:aws:ec2:us-east-1:767397723308:vpc/vpc-0678d5a630120c043",
            "assign_generated_ipv6_cidr_block": false,
            "cidr_block": "10.0.0.0/16",
            "default_network_acl_id": "acl-07956979ecaba8535",
            "default_route_table_id": "rtb-0298762c836188c59",
            "default_security_group_id": "sg-0ccede63b474cb5f3",
            "dhcp_options_id": "dopt-08591724f6c17669a",
            "enable_dns_hostnames": true,
            "enable_dns_support": true,
            "enable_network_address_usage_metrics": false,
            "id": "vpc-0678d5a630120c043",
            "instance_tenancy": "default",
            "ipv4_ipam_pool_id": null,
            "ipv4_netmask_length": null,
            "ipv6_association_id": "",
            "ipv6_cidr_block": "",
            "ipv6_cidr_block_network_border_group": "",
            "ipv6_ipam_pool_id": "",
            "ipv6_netmask_length": 0,
            "main_route_table_id": "rtb-0298762c836188c59",
            "owner_id": "767397723308",
            "tags": {
              "name": "main"
            },
            "tags_all": {
              "name": "main"
            }
          },
          "sensitive_attributes": [],
          "private": "eyJzY2hlbWFfdmVyc2lvbiI6IjEifQ==",
          "create_before_destroy": true
        }
      ]
    },
    {
      "module": "module.db.module.db_instance",
      "mode": "data",
      "type": "aws_iam_policy_document",
      "name": "enhanced_monitoring",
      "provider": "provider[\"registry.terraform.io/hashicorp/aws\"]",
      "instances": [
        {
          "schema_version": 0,
          "attributes": {
            "id": "76086537",
            "json": "{\n  \"Version\": \"2012-10-17\",\n  \"Statement\": [\n    {\n      \"Effect\": \"Allow\",\n      \"Action\": \"sts:AssumeRole\",\n      \"Principal\": {\n        \"Service\": \"monitoring.rds.amazonaws.com\"\n      }\n    }\n  ]\n}",
            "minified_json": "{\"Version\":\"2012-10-17\",\"Statement\":[{\"Effect\":\"Allow\",\"Action\":\"sts:AssumeRole\",\"Principal\":{\"Service\":\"monitoring.rds.amazonaws.com\"}}]}",
            "override_json": null,
            "override_policy_documents": null,
            "policy_id": null,
            "source_json": null,
            "source_policy_documents": null,
            "statement": [
              {
                "actions": [
                  "sts:AssumeRole"
                ],
                "condition": [],
                "effect": "Allow",
                "not_actions": [],
                "not_principals": [],
                "not_resources": [],
                "principals": [
                  {
                    "identifiers": [
                      "monitoring.rds.amazonaws.com"
                    ],
                    "type": "Service"
                  }
                ],
                "resources": [],
                "sid": ""
              }
            ],
            "version": "2012-10-17"
          },
          "sensitive_attributes": []
        }
      ]
    },
    {
      "module": "module.db.module.db_instance",
      "mode": "data",
      "type": "aws_partition",
      "name": "current",
      "provider": "provider[\"registry.terraform.io/hashicorp/aws\"]",
      "instances": [
        {
          "schema_version": 0,
          "attributes": {
            "dns_suffix": "amazonaws.com",
            "id": "aws",
            "partition": "aws",
            "reverse_dns_prefix": "com.amazonaws"
          },
          "sensitive_attributes": []
        }
      ]
    },
    {
      "module": "module.db.module.db_instance",
      "mode": "managed",
      "type": "aws_db_instance",
      "name": "this",
      "provider": "provider[\"registry.terraform.io/hashicorp/aws\"]",
      "instances": [
        {
          "index_key": 0,
          "schema_version": 2,
          "attributes": {
            "address": "alinedb.c9aaakygudzw.us-east-1.rds.amazonaws.com",
            "allocated_storage": 5,
            "allow_major_version_upgrade": false,
            "apply_immediately": false,
            "arn": "arn:aws:rds:us-east-1:767397723308:db:alinedb",
            "auto_minor_version_upgrade": true,
            "availability_zone": "us-east-1a",
            "backup_retention_period": 0,
            "backup_target": "region",
            "backup_window": "05:41-06:11",
            "blue_green_update": [],
            "ca_cert_identifier": "rds-ca-rsa2048-g1",
            "character_set_name": "",
            "copy_tags_to_snapshot": false,
            "custom_iam_instance_profile": "",
            "customer_owned_ip_enabled": false,
            "db_name": "alinedb",
            "db_subnet_group_name": "db-subnet-group-jp",
            "dedicated_log_volume": false,
            "delete_automated_backups": true,
            "deletion_protection": false,
            "domain": "",
            "domain_auth_secret_arn": "",
            "domain_dns_ips": null,
            "domain_fqdn": "",
            "domain_iam_role_name": "",
            "domain_ou": "",
            "enabled_cloudwatch_logs_exports": null,
            "endpoint": "alinedb.c9aaakygudzw.us-east-1.rds.amazonaws.com:3306",
            "engine": "mysql",
            "engine_version": "8.0",
            "engine_version_actual": "8.0.35",
            "final_snapshot_identifier": null,
            "hosted_zone_id": "Z2R2ITUGPM61AM",
            "iam_database_authentication_enabled": false,
            "id": "db-4FCGZQAEQZPWFDOKWVHQCRO4FI",
            "identifier": "alinedb",
            "identifier_prefix": "",
            "instance_class": "db.t3.micro",
            "iops": 0,
            "kms_key_id": "arn:aws:kms:us-east-1:767397723308:key/15531c39-b15e-4e2d-8b6a-ede5d17cac5a",
            "latest_restorable_time": "",
            "license_model": "general-public-license",
            "listener_endpoint": [],
            "maintenance_window": "fri:03:08-fri:03:38",
            "manage_master_user_password": null,
            "master_user_secret": [],
            "master_user_secret_kms_key_id": null,
            "max_allocated_storage": 0,
            "monitoring_interval": 0,
            "monitoring_role_arn": "",
            "multi_az": false,
            "nchar_character_set_name": "",
            "network_type": "IPV4",
            "option_group_name": "default:mysql-8-0",
            "parameter_group_name": "default.mysql8.0",
            "password": "Password123",
            "performance_insights_enabled": false,
            "performance_insights_kms_key_id": "",
            "performance_insights_retention_period": 0,
            "port": 3306,
            "publicly_accessible": true,
            "replica_mode": "",
            "replicas": [],
            "replicate_source_db": "",
            "resource_id": "db-4FCGZQAEQZPWFDOKWVHQCRO4FI",
            "restore_to_point_in_time": [],
            "s3_import": [],
            "skip_final_snapshot": true,
            "snapshot_identifier": null,
            "status": "available",
            "storage_encrypted": true,
            "storage_throughput": 0,
            "storage_type": "gp2",
            "tags": null,
            "tags_all": {},
            "timeouts": {
              "create": null,
              "delete": null,
              "update": null
            },
            "timezone": "",
            "username": "root",
            "vpc_security_group_ids": [
              "sg-0f66e5b4cadda4210"
            ]
          },
          "sensitive_attributes": [
            [
              {
                "type": "get_attr",
                "value": "password"
              }
            ]
          ],
          "private": "eyJlMmJmYjczMC1lY2FhLTExZTYtOGY4OC0zNDM2M2JjN2M0YzAiOnsiY3JlYXRlIjoyNDAwMDAwMDAwMDAwLCJkZWxldGUiOjM2MDAwMDAwMDAwMDAsInVwZGF0ZSI6NDgwMDAwMDAwMDAwMH0sInNjaGVtYV92ZXJzaW9uIjoiMiJ9",
          "dependencies": [
            "aws_db_subnet_group.db_subnet_group",
            "aws_subnet.subnet",
            "aws_subnet.subnet2",
            "aws_vpc.main",
            "data.aws_availability_zones.available",
            "module.db.module.db_instance.aws_cloudwatch_log_group.this",
            "module.db.module.db_instance.aws_iam_role.enhanced_monitoring",
            "module.db.module.db_instance.data.aws_iam_policy_document.enhanced_monitoring",
            "module.db.module.db_instance.random_id.snapshot_identifier",
            "module.db.module.db_option_group.aws_db_option_group.this",
            "module.db.module.db_parameter_group.aws_db_parameter_group.this",
            "module.db.module.db_subnet_group.aws_db_subnet_group.this",
            "module.rds_security_group.aws_security_group.this",
            "module.rds_security_group.aws_security_group.this_name_prefix"
          ],
          "create_before_destroy": true
        }
      ]
    },
    {
      "module": "module.gateway_service",
      "mode": "data",
      "type": "aws_caller_identity",
      "name": "current",
      "provider": "provider[\"registry.terraform.io/hashicorp/aws\"]",
      "instances": [
        {
          "schema_version": 0,
          "attributes": {
            "account_id": "767397723308",
            "arn": "arn:aws:iam::767397723308:user/joseph.putz@smoothstack.com",
            "id": "767397723308",
            "user_id": "AIDA3FLDX7SWC6BZ4QRDV"
          },
          "sensitive_attributes": []
        }
      ]
    },
    {
      "module": "module.gateway_service",
      "mode": "data",
      "type": "aws_ecs_task_definition",
      "name": "this",
      "provider": "provider[\"registry.terraform.io/hashicorp/aws\"]",
      "instances": [
        {
          "index_key": 0,
          "schema_version": 0,
          "attributes": {
            "arn": "arn:aws:ecs:us-east-1:767397723308:task-definition/gateway-service:5",
            "arn_without_revision": "arn:aws:ecs:us-east-1:767397723308:task-definition/gateway-service",
            "execution_role_arn": "arn:aws:iam::767397723308:role/ECS_Gateway_TaskExecRole_JP-20240527142406945500000005",
            "family": "gateway-service",
            "id": "arn:aws:ecs:us-east-1:767397723308:task-definition/gateway-service:5",
            "network_mode": "awsvpc",
            "revision": 5,
            "status": "ACTIVE",
            "task_definition": "gateway-service",
            "task_role_arn": "arn:aws:iam::767397723308:role/ECS_Gateway_TaskRole_JP-20240527142407166400000007"
          },
          "sensitive_attributes": []
        }
      ]
    },
    {
      "module": "module.gateway_service",
      "mode": "data",
      "type": "aws_iam_policy_document",
      "name": "task_exec",
      "provider": "provider[\"registry.terraform.io/hashicorp/aws\"]",
      "instances": [
        {
          "index_key": 0,
          "schema_version": 0,
          "attributes": {
            "id": "1415633931",
            "json": "{\n  \"Version\": \"2012-10-17\",\n  \"Statement\": [\n    {\n      \"Sid\": \"Logs\",\n      \"Effect\": \"Allow\",\n      \"Action\": [\n        \"logs:PutLogEvents\",\n        \"logs:CreateLogStream\"\n      ],\n      \"Resource\": \"*\"\n    },\n    {\n      \"Sid\": \"ECR\",\n      \"Effect\": \"Allow\",\n      \"Action\": [\n        \"ecr:GetDownloadUrlForLayer\",\n        \"ecr:GetAuthorizationToken\",\n        \"ecr:BatchGetImage\",\n        \"ecr:BatchCheckLayerAvailability\"\n      ],\n      \"Resource\": \"*\"\n    },\n    {\n      \"Sid\": \"GetSSMParams\",\n      \"Effect\": \"Allow\",\n      \"Action\": \"ssm:GetParameters\",\n      \"Resource\": \"arn:aws:ssm:*:*:parameter/*\"\n    },\n    {\n      \"Sid\": \"GetSecrets\",\n      \"Effect\": \"Allow\",\n      \"Action\": \"secretsmanager:GetSecretValue\",\n      \"Resource\": \"arn:aws:secretsmanager:*:*:secret:*\"\n    }\n  ]\n}",
            "minified_json": "{\"Version\":\"2012-10-17\",\"Statement\":[{\"Sid\":\"Logs\",\"Effect\":\"Allow\",\"Action\":[\"logs:PutLogEvents\",\"logs:CreateLogStream\"],\"Resource\":\"*\"},{\"Sid\":\"ECR\",\"Effect\":\"Allow\",\"Action\":[\"ecr:GetDownloadUrlForLayer\",\"ecr:GetAuthorizationToken\",\"ecr:BatchGetImage\",\"ecr:BatchCheckLayerAvailability\"],\"Resource\":\"*\"},{\"Sid\":\"GetSSMParams\",\"Effect\":\"Allow\",\"Action\":\"ssm:GetParameters\",\"Resource\":\"arn:aws:ssm:*:*:parameter/*\"},{\"Sid\":\"GetSecrets\",\"Effect\":\"Allow\",\"Action\":\"secretsmanager:GetSecretValue\",\"Resource\":\"arn:aws:secretsmanager:*:*:secret:*\"}]}",
            "override_json": null,
            "override_policy_documents": null,
            "policy_id": null,
            "source_json": null,
            "source_policy_documents": null,
            "statement": [
              {
                "actions": [
                  "logs:CreateLogStream",
                  "logs:PutLogEvents"
                ],
                "condition": [],
                "effect": "Allow",
                "not_actions": [],
                "not_principals": [],
                "not_resources": [],
                "principals": [],
                "resources": [
                  "*"
                ],
                "sid": "Logs"
              },
              {
                "actions": [
                  "ecr:BatchCheckLayerAvailability",
                  "ecr:BatchGetImage",
                  "ecr:GetAuthorizationToken",
                  "ecr:GetDownloadUrlForLayer"
                ],
                "condition": [],
                "effect": "Allow",
                "not_actions": [],
                "not_principals": [],
                "not_resources": [],
                "principals": [],
                "resources": [
                  "*"
                ],
                "sid": "ECR"
              },
              {
                "actions": [
                  "ssm:GetParameters"
                ],
                "condition": [],
                "effect": "Allow",
                "not_actions": [],
                "not_principals": [],
                "not_resources": [],
                "principals": [],
                "resources": [
                  "arn:aws:ssm:*:*:parameter/*"
                ],
                "sid": "GetSSMParams"
              },
              {
                "actions": [
                  "secretsmanager:GetSecretValue"
                ],
                "condition": [],
                "effect": "Allow",
                "not_actions": [],
                "not_principals": [],
                "not_resources": [],
                "principals": [],
                "resources": [
                  "arn:aws:secretsmanager:*:*:secret:*"
                ],
                "sid": "GetSecrets"
              }
            ],
            "version": "2012-10-17"
          },
          "sensitive_attributes": []
        }
      ]
    },
    {
      "module": "module.gateway_service",
      "mode": "data",
      "type": "aws_iam_policy_document",
      "name": "task_exec_assume",
      "provider": "provider[\"registry.terraform.io/hashicorp/aws\"]",
      "instances": [
        {
          "index_key": 0,
          "schema_version": 0,
          "attributes": {
            "id": "2291109037",
            "json": "{\n  \"Version\": \"2012-10-17\",\n  \"Statement\": [\n    {\n      \"Sid\": \"ECSTaskExecutionAssumeRole\",\n      \"Effect\": \"Allow\",\n      \"Action\": \"sts:AssumeRole\",\n      \"Principal\": {\n        \"Service\": \"ecs-tasks.amazonaws.com\"\n      }\n    }\n  ]\n}",
            "minified_json": "{\"Version\":\"2012-10-17\",\"Statement\":[{\"Sid\":\"ECSTaskExecutionAssumeRole\",\"Effect\":\"Allow\",\"Action\":\"sts:AssumeRole\",\"Principal\":{\"Service\":\"ecs-tasks.amazonaws.com\"}}]}",
            "override_json": null,
            "override_policy_documents": null,
            "policy_id": null,
            "source_json": null,
            "source_policy_documents": null,
            "statement": [
              {
                "actions": [
                  "sts:AssumeRole"
                ],
                "condition": [],
                "effect": "Allow",
                "not_actions": [],
                "not_principals": [],
                "not_resources": [],
                "principals": [
                  {
                    "identifiers": [
                      "ecs-tasks.amazonaws.com"
                    ],
                    "type": "Service"
                  }
                ],
                "resources": [],
                "sid": "ECSTaskExecutionAssumeRole"
              }
            ],
            "version": "2012-10-17"
          },
          "sensitive_attributes": []
        }
      ]
    },
    {
      "module": "module.gateway_service",
      "mode": "data",
      "type": "aws_iam_policy_document",
      "name": "tasks_assume",
      "provider": "provider[\"registry.terraform.io/hashicorp/aws\"]",
      "instances": [
        {
          "index_key": 0,
          "schema_version": 0,
          "attributes": {
            "id": "144938085",
            "json": "{\n  \"Version\": \"2012-10-17\",\n  \"Statement\": [\n    {\n      \"Sid\": \"ECSTasksAssumeRole\",\n      \"Effect\": \"Allow\",\n      \"Action\": \"sts:AssumeRole\",\n      \"Principal\": {\n        \"Service\": \"ecs-tasks.amazonaws.com\"\n      },\n      \"Condition\": {\n        \"ArnLike\": {\n          \"aws:SourceArn\": \"arn:aws:ecs:us-east-1:767397723308:*\"\n        },\n        \"StringEquals\": {\n          \"aws:SourceAccount\": \"767397723308\"\n        }\n      }\n    }\n  ]\n}",
            "minified_json": "{\"Version\":\"2012-10-17\",\"Statement\":[{\"Sid\":\"ECSTasksAssumeRole\",\"Effect\":\"Allow\",\"Action\":\"sts:AssumeRole\",\"Principal\":{\"Service\":\"ecs-tasks.amazonaws.com\"},\"Condition\":{\"ArnLike\":{\"aws:SourceArn\":\"arn:aws:ecs:us-east-1:767397723308:*\"},\"StringEquals\":{\"aws:SourceAccount\":\"767397723308\"}}}]}",
            "override_json": null,
            "override_policy_documents": null,
            "policy_id": null,
            "source_json": null,
            "source_policy_documents": null,
            "statement": [
              {
                "actions": [
                  "sts:AssumeRole"
                ],
                "condition": [
                  {
                    "test": "ArnLike",
                    "values": [
                      "arn:aws:ecs:us-east-1:767397723308:*"
                    ],
                    "variable": "aws:SourceArn"
                  },
                  {
                    "test": "StringEquals",
                    "values": [
                      "767397723308"
                    ],
                    "variable": "aws:SourceAccount"
                  }
                ],
                "effect": "Allow",
                "not_actions": [],
                "not_principals": [],
                "not_resources": [],
                "principals": [
                  {
                    "identifiers": [
                      "ecs-tasks.amazonaws.com"
                    ],
                    "type": "Service"
                  }
                ],
                "resources": [],
                "sid": "ECSTasksAssumeRole"
              }
            ],
            "version": "2012-10-17"
          },
          "sensitive_attributes": []
        }
      ]
    },
    {
      "module": "module.gateway_service",
      "mode": "data",
      "type": "aws_partition",
      "name": "current",
      "provider": "provider[\"registry.terraform.io/hashicorp/aws\"]",
      "instances": [
        {
          "schema_version": 0,
          "attributes": {
            "dns_suffix": "amazonaws.com",
            "id": "aws",
            "partition": "aws",
            "reverse_dns_prefix": "com.amazonaws"
          },
          "sensitive_attributes": []
        }
      ]
    },
    {
      "module": "module.gateway_service",
      "mode": "data",
      "type": "aws_region",
      "name": "current",
      "provider": "provider[\"registry.terraform.io/hashicorp/aws\"]",
      "instances": [
        {
          "schema_version": 0,
          "attributes": {
            "description": "US East (N. Virginia)",
            "endpoint": "ec2.us-east-1.amazonaws.com",
            "id": "us-east-1",
            "name": "us-east-1"
          },
          "sensitive_attributes": []
        }
      ]
    },
    {
      "module": "module.gateway_service",
      "mode": "data",
      "type": "aws_subnet",
      "name": "this",
      "provider": "provider[\"registry.terraform.io/hashicorp/aws\"]",
      "instances": [
        {
          "index_key": 0,
          "schema_version": 0,
          "attributes": {
            "arn": "arn:aws:ec2:us-east-1:767397723308:subnet/subnet-0d8a5820baecdafda",
            "assign_ipv6_address_on_creation": false,
            "availability_zone": "us-east-1a",
            "availability_zone_id": "use1-az4",
            "available_ip_address_count": 250,
            "cidr_block": "10.0.1.0/24",
            "customer_owned_ipv4_pool": "",
            "default_for_az": false,
            "enable_dns64": false,
            "enable_lni_at_device_index": 0,
            "enable_resource_name_dns_a_record_on_launch": false,
            "enable_resource_name_dns_aaaa_record_on_launch": false,
            "filter": null,
            "id": "subnet-0d8a5820baecdafda",
            "ipv6_cidr_block": "",
            "ipv6_cidr_block_association_id": "",
            "ipv6_native": false,
            "map_customer_owned_ip_on_launch": false,
            "map_public_ip_on_launch": true,
            "outpost_arn": "",
            "owner_id": "767397723308",
            "private_dns_hostname_type_on_launch": "ip-name",
            "state": "available",
            "tags": {},
            "timeouts": null,
            "vpc_id": "vpc-0678d5a630120c043"
          },
          "sensitive_attributes": []
        }
      ]
    },
    {
      "module": "module.gateway_service",
      "mode": "managed",
      "type": "aws_ecs_service",
      "name": "this",
      "provider": "provider[\"registry.terraform.io/hashicorp/aws\"]",
      "instances": [
        {
          "index_key": 0,
          "schema_version": 0,
          "attributes": {
            "alarms": [],
            "capacity_provider_strategy": [],
            "cluster": "arn:aws:ecs:us-east-1:767397723308:cluster/ecs-cluster-jp",
            "deployment_circuit_breaker": [
              {
                "enable": false,
                "rollback": false
              }
            ],
            "deployment_controller": [
              {
                "type": "ECS"
              }
            ],
            "deployment_maximum_percent": 200,
            "deployment_minimum_healthy_percent": 66,
            "desired_count": 1,
            "enable_ecs_managed_tags": true,
            "enable_execute_command": false,
            "force_new_deployment": true,
            "health_check_grace_period_seconds": 0,
            "iam_role": "/aws-service-role/ecs.amazonaws.com/AWSServiceRoleForECS",
            "id": "arn:aws:ecs:us-east-1:767397723308:service/ecs-cluster-jp/gateway-service",
            "launch_type": "FARGATE",
            "load_balancer": [],
            "name": "gateway-service",
            "network_configuration": [
              {
                "assign_public_ip": true,
                "security_groups": [
                  "sg-09a4220cb881645f5"
                ],
                "subnets": [
                  "subnet-0b315a1b438bc7e67",
                  "subnet-0d8a5820baecdafda"
                ]
              }
            ],
            "ordered_placement_strategy": [],
            "placement_constraints": [],
            "platform_version": "LATEST",
            "propagate_tags": "NONE",
            "scheduling_strategy": "REPLICA",
            "service_connect_configuration": [],
            "service_registries": [],
            "tags": {
              "Terraform": "true"
            },
            "tags_all": {
              "Terraform": "true"
            },
            "task_definition": "gateway-service:5",
            "timeouts": {
              "create": null,
              "delete": null,
              "update": null
            },
            "triggers": {},
            "volume_configuration": [],
            "wait_for_steady_state": false
          },
          "sensitive_attributes": [],
          "private": "eyJlMmJmYjczMC1lY2FhLTExZTYtOGY4OC0zNDM2M2JjN2M0YzAiOnsiY3JlYXRlIjoxMjAwMDAwMDAwMDAwLCJkZWxldGUiOjEyMDAwMDAwMDAwMDAsInVwZGF0ZSI6MTIwMDAwMDAwMDAwMH19",
          "dependencies": [
            "aws_db_subnet_group.db_subnet_group",
            "aws_ecs_cluster.ecs-cluster-jp",
            "aws_lb.ecs_alb",
            "aws_security_group.alb_sg",
            "aws_subnet.subnet",
            "aws_subnet.subnet2",
            "aws_vpc.main",
            "data.aws_availability_zones.available",
            "module.db.module.db_instance.aws_cloudwatch_log_group.this",
            "module.db.module.db_instance.aws_db_instance.this",
            "module.db.module.db_instance.aws_iam_role.enhanced_monitoring",
            "module.db.module.db_instance.aws_iam_role_policy_attachment.enhanced_monitoring",
            "module.db.module.db_instance.aws_secretsmanager_secret_rotation.this",
            "module.db.module.db_instance.data.aws_iam_policy_document.enhanced_monitoring",
            "module.db.module.db_instance.data.aws_partition.current",
            "module.db.module.db_instance.random_id.snapshot_identifier",
            "module.db.module.db_instance_role_association.aws_db_instance_role_association.this",
            "module.db.module.db_option_group.aws_db_option_group.this",
            "module.db.module.db_parameter_group.aws_db_parameter_group.this",
            "module.db.module.db_subnet_group.aws_db_subnet_group.this",
            "module.gateway_service.aws_ecs_task_definition.this",
            "module.gateway_service.aws_iam_policy.service",
            "module.gateway_service.aws_iam_role.service",
            "module.gateway_service.aws_iam_role.task_exec",
            "module.gateway_service.aws_iam_role.tasks",
            "module.gateway_service.aws_iam_role_policy_attachment.service",
            "module.gateway_service.aws_security_group.this",
            "module.gateway_service.data.aws_caller_identity.current",
            "module.gateway_service.data.aws_ecs_task_definition.this",
            "module.gateway_service.data.aws_iam_policy_document.service",
            "module.gateway_service.data.aws_iam_policy_document.service_assume",
            "module.gateway_service.data.aws_iam_policy_document.task_exec_assume",
            "module.gateway_service.data.aws_iam_policy_document.tasks_assume",
            "module.gateway_service.data.aws_partition.current",
            "module.gateway_service.data.aws_region.current",
            "module.gateway_service.data.aws_subnet.this",
            "module.gateway_service.module.container_definition.aws_cloudwatch_log_group.this",
            "module.gateway_service.module.container_definition.data.aws_region.current",
            "module.rds_security_group.aws_security_group.this",
            "module.rds_security_group.aws_security_group.this_name_prefix"
          ]
        }
      ]
    },
    {
      "module": "module.gateway_service",
      "mode": "managed",
      "type": "aws_ecs_task_definition",
      "name": "this",
      "provider": "provider[\"registry.terraform.io/hashicorp/aws\"]",
      "instances": [
        {
          "index_key": 0,
          "schema_version": 1,
          "attributes": {
            "arn": "arn:aws:ecs:us-east-1:767397723308:task-definition/gateway-service:5",
            "arn_without_revision": "arn:aws:ecs:us-east-1:767397723308:task-definition/gateway-service",
            "container_definitions": "[{\"cpu\":256,\"environment\":[{\"name\":\"APP_SERVICE_HOST\",\"value\":\"internal-ecs-alb-ls-850030335.us-east-1.elb.amazonaws.com\"},{\"name\":\"PORTAL_ADMIN\",\"value\":\"*\"},{\"name\":\"PORTAL_DASHBOARD\",\"value\":\"*\"},{\"name\":\"PORTAL_LANDING\",\"value\":\"*\"}],\"essential\":true,\"image\":\"767397723308.dkr.ecr.us-east-1.amazonaws.com/aline-financial-jp:aline-gateway-v5\",\"interactive\":false,\"linuxParameters\":{\"initProcessEnabled\":false},\"memory\":512,\"mountPoints\":[],\"name\":\"gateway\",\"portMappings\":[{\"containerPort\":8080,\"hostPort\":8080,\"name\":\"gateway-port\",\"protocol\":\"tcp\"}],\"privileged\":false,\"pseudoTerminal\":false,\"readonlyRootFilesystem\":false,\"startTimeout\":30,\"stopTimeout\":120,\"systemControls\":[],\"user\":\"0\",\"volumesFrom\":[]}]",
            "cpu": "256",
            "ephemeral_storage": [],
            "execution_role_arn": "arn:aws:iam::767397723308:role/ECS_Gateway_TaskExecRole_JP-20240527142406945500000005",
            "family": "gateway-service",
            "id": "gateway-service",
            "inference_accelerator": [],
            "ipc_mode": "",
            "memory": "512",
            "network_mode": "awsvpc",
            "pid_mode": "",
            "placement_constraints": [],
            "proxy_configuration": [],
            "requires_compatibilities": [
              "FARGATE"
            ],
            "revision": 5,
            "runtime_platform": [
              {
                "cpu_architecture": "X86_64",
                "operating_system_family": "LINUX"
              }
            ],
            "skip_destroy": false,
            "tags": {
              "Terraform": "true"
            },
            "tags_all": {
              "Terraform": "true"
            },
            "task_role_arn": "arn:aws:iam::767397723308:role/ECS_Gateway_TaskRole_JP-20240527142407166400000007",
            "track_latest": false,
            "volume": []
          },
          "sensitive_attributes": [],
          "private": "eyJzY2hlbWFfdmVyc2lvbiI6IjEifQ==",
          "dependencies": [
            "aws_db_subnet_group.db_subnet_group",
            "aws_lb.ecs_alb",
            "aws_security_group.alb_sg",
            "aws_subnet.subnet",
            "aws_subnet.subnet2",
            "aws_vpc.main",
            "data.aws_availability_zones.available",
            "module.db.module.db_instance.aws_cloudwatch_log_group.this",
            "module.db.module.db_instance.aws_db_instance.this",
            "module.db.module.db_instance.aws_iam_role.enhanced_monitoring",
            "module.db.module.db_instance.aws_iam_role_policy_attachment.enhanced_monitoring",
            "module.db.module.db_instance.aws_secretsmanager_secret_rotation.this",
            "module.db.module.db_instance.data.aws_iam_policy_document.enhanced_monitoring",
            "module.db.module.db_instance.data.aws_partition.current",
            "module.db.module.db_instance.random_id.snapshot_identifier",
            "module.db.module.db_instance_role_association.aws_db_instance_role_association.this",
            "module.db.module.db_option_group.aws_db_option_group.this",
            "module.db.module.db_parameter_group.aws_db_parameter_group.this",
            "module.db.module.db_subnet_group.aws_db_subnet_group.this",
            "module.gateway_service.aws_iam_role.task_exec",
            "module.gateway_service.aws_iam_role.tasks",
            "module.gateway_service.data.aws_caller_identity.current",
            "module.gateway_service.data.aws_iam_policy_document.task_exec_assume",
            "module.gateway_service.data.aws_iam_policy_document.tasks_assume",
            "module.gateway_service.data.aws_partition.current",
            "module.gateway_service.data.aws_region.current",
            "module.gateway_service.module.container_definition.aws_cloudwatch_log_group.this",
            "module.gateway_service.module.container_definition.data.aws_region.current",
            "module.rds_security_group.aws_security_group.this",
            "module.rds_security_group.aws_security_group.this_name_prefix"
          ],
          "create_before_destroy": true
        }
      ]
    },
    {
      "module": "module.gateway_service",
      "mode": "managed",
      "type": "aws_iam_policy",
      "name": "task_exec",
      "provider": "provider[\"registry.terraform.io/hashicorp/aws\"]",
      "instances": [
        {
          "index_key": 0,
          "schema_version": 0,
          "attributes": {
            "arn": "arn:aws:iam::767397723308:policy/ECS_Gateway_TaskExecRole_JP-20240527142406945500000006",
            "attachment_count": 0,
            "description": "Task execution role IAM policy",
            "id": "arn:aws:iam::767397723308:policy/ECS_Gateway_TaskExecRole_JP-20240527142406945500000006",
            "name": "ECS_Gateway_TaskExecRole_JP-20240527142406945500000006",
            "name_prefix": "ECS_Gateway_TaskExecRole_JP-",
            "path": "/",
            "policy": "{\"Statement\":[{\"Action\":[\"logs:PutLogEvents\",\"logs:CreateLogStream\"],\"Effect\":\"Allow\",\"Resource\":\"*\",\"Sid\":\"Logs\"},{\"Action\":[\"ecr:GetDownloadUrlForLayer\",\"ecr:GetAuthorizationToken\",\"ecr:BatchGetImage\",\"ecr:BatchCheckLayerAvailability\"],\"Effect\":\"Allow\",\"Resource\":\"*\",\"Sid\":\"ECR\"},{\"Action\":\"ssm:GetParameters\",\"Effect\":\"Allow\",\"Resource\":\"arn:aws:ssm:*:*:parameter/*\",\"Sid\":\"GetSSMParams\"},{\"Action\":\"secretsmanager:GetSecretValue\",\"Effect\":\"Allow\",\"Resource\":\"arn:aws:secretsmanager:*:*:secret:*\",\"Sid\":\"GetSecrets\"}],\"Version\":\"2012-10-17\"}",
            "policy_id": "ANPA3FLDX7SWHDCROHHTW",
            "tags": {
              "Terraform": "true"
            },
            "tags_all": {
              "Terraform": "true"
            }
          },
          "sensitive_attributes": [],
          "private": "bnVsbA==",
          "dependencies": [
            "aws_db_subnet_group.db_subnet_group",
            "aws_lb.ecs_alb",
            "aws_security_group.alb_sg",
            "aws_subnet.subnet",
            "aws_subnet.subnet2",
            "aws_vpc.main",
            "data.aws_availability_zones.available",
            "module.db.module.db_instance.aws_cloudwatch_log_group.this",
            "module.db.module.db_instance.aws_db_instance.this",
            "module.db.module.db_instance.aws_iam_role.enhanced_monitoring",
            "module.db.module.db_instance.aws_iam_role_policy_attachment.enhanced_monitoring",
            "module.db.module.db_instance.aws_secretsmanager_secret_rotation.this",
            "module.db.module.db_instance.data.aws_iam_policy_document.enhanced_monitoring",
            "module.db.module.db_instance.data.aws_partition.current",
            "module.db.module.db_instance.random_id.snapshot_identifier",
            "module.db.module.db_instance_role_association.aws_db_instance_role_association.this",
            "module.db.module.db_option_group.aws_db_option_group.this",
            "module.db.module.db_parameter_group.aws_db_parameter_group.this",
            "module.db.module.db_subnet_group.aws_db_subnet_group.this",
            "module.gateway_service.data.aws_iam_policy_document.task_exec",
            "module.rds_security_group.aws_security_group.this",
            "module.rds_security_group.aws_security_group.this_name_prefix"
          ]
        }
      ]
    },
    {
      "module": "module.gateway_service",
      "mode": "managed",
      "type": "aws_iam_role",
      "name": "task_exec",
      "provider": "provider[\"registry.terraform.io/hashicorp/aws\"]",
      "instances": [
        {
          "index_key": 0,
          "schema_version": 0,
          "attributes": {
            "arn": "arn:aws:iam::767397723308:role/ECS_Gateway_TaskExecRole_JP-20240527142406945500000005",
            "assume_role_policy": "{\"Statement\":[{\"Action\":\"sts:AssumeRole\",\"Effect\":\"Allow\",\"Principal\":{\"Service\":\"ecs-tasks.amazonaws.com\"},\"Sid\":\"ECSTaskExecutionAssumeRole\"}],\"Version\":\"2012-10-17\"}",
            "create_date": "2024-05-27T14:24:06Z",
            "description": "Task execution role for ECS_Gateway_TaskExecRole_JP",
            "force_detach_policies": true,
            "id": "ECS_Gateway_TaskExecRole_JP-20240527142406945500000005",
            "inline_policy": [],
            "managed_policy_arns": [],
            "max_session_duration": 3600,
            "name": "ECS_Gateway_TaskExecRole_JP-20240527142406945500000005",
            "name_prefix": "ECS_Gateway_TaskExecRole_JP-",
            "path": "/",
            "permissions_boundary": "",
            "tags": {
              "Terraform": "true"
            },
            "tags_all": {
              "Terraform": "true"
            },
            "unique_id": "AROA3FLDX7SWFFZLFW2K7"
          },
          "sensitive_attributes": [],
          "private": "bnVsbA==",
          "dependencies": [
            "aws_db_subnet_group.db_subnet_group",
            "aws_lb.ecs_alb",
            "aws_security_group.alb_sg",
            "aws_subnet.subnet",
            "aws_subnet.subnet2",
            "aws_vpc.main",
            "data.aws_availability_zones.available",
            "module.db.module.db_instance.aws_cloudwatch_log_group.this",
            "module.db.module.db_instance.aws_db_instance.this",
            "module.db.module.db_instance.aws_iam_role.enhanced_monitoring",
            "module.db.module.db_instance.aws_iam_role_policy_attachment.enhanced_monitoring",
            "module.db.module.db_instance.aws_secretsmanager_secret_rotation.this",
            "module.db.module.db_instance.data.aws_iam_policy_document.enhanced_monitoring",
            "module.db.module.db_instance.data.aws_partition.current",
            "module.db.module.db_instance.random_id.snapshot_identifier",
            "module.db.module.db_instance_role_association.aws_db_instance_role_association.this",
            "module.db.module.db_option_group.aws_db_option_group.this",
            "module.db.module.db_parameter_group.aws_db_parameter_group.this",
            "module.db.module.db_subnet_group.aws_db_subnet_group.this",
            "module.gateway_service.data.aws_iam_policy_document.task_exec_assume",
            "module.rds_security_group.aws_security_group.this",
            "module.rds_security_group.aws_security_group.this_name_prefix"
          ],
          "create_before_destroy": true
        }
      ]
    },
    {
      "module": "module.gateway_service",
      "mode": "managed",
      "type": "aws_iam_role",
      "name": "tasks",
      "provider": "provider[\"registry.terraform.io/hashicorp/aws\"]",
      "instances": [
        {
          "index_key": 0,
          "schema_version": 0,
          "attributes": {
            "arn": "arn:aws:iam::767397723308:role/ECS_Gateway_TaskRole_JP-20240527142407166400000007",
            "assume_role_policy": "{\"Statement\":[{\"Action\":\"sts:AssumeRole\",\"Condition\":{\"ArnLike\":{\"aws:SourceArn\":\"arn:aws:ecs:us-east-1:767397723308:*\"},\"StringEquals\":{\"aws:SourceAccount\":\"767397723308\"}},\"Effect\":\"Allow\",\"Principal\":{\"Service\":\"ecs-tasks.amazonaws.com\"},\"Sid\":\"ECSTasksAssumeRole\"}],\"Version\":\"2012-10-17\"}",
            "create_date": "2024-05-27T14:24:06Z",
            "description": "",
            "force_detach_policies": true,
            "id": "ECS_Gateway_TaskRole_JP-20240527142407166400000007",
            "inline_policy": [],
            "managed_policy_arns": [],
            "max_session_duration": 3600,
            "name": "ECS_Gateway_TaskRole_JP-20240527142407166400000007",
            "name_prefix": "ECS_Gateway_TaskRole_JP-",
            "path": "/",
            "permissions_boundary": "",
            "tags": {
              "Terraform": "true"
            },
            "tags_all": {
              "Terraform": "true"
            },
            "unique_id": "AROA3FLDX7SWJJI6EKIQE"
          },
          "sensitive_attributes": [],
          "private": "bnVsbA==",
          "dependencies": [
            "aws_db_subnet_group.db_subnet_group",
            "aws_lb.ecs_alb",
            "aws_security_group.alb_sg",
            "aws_subnet.subnet",
            "aws_subnet.subnet2",
            "aws_vpc.main",
            "data.aws_availability_zones.available",
            "module.db.module.db_instance.aws_cloudwatch_log_group.this",
            "module.db.module.db_instance.aws_db_instance.this",
            "module.db.module.db_instance.aws_iam_role.enhanced_monitoring",
            "module.db.module.db_instance.aws_iam_role_policy_attachment.enhanced_monitoring",
            "module.db.module.db_instance.aws_secretsmanager_secret_rotation.this",
            "module.db.module.db_instance.data.aws_iam_policy_document.enhanced_monitoring",
            "module.db.module.db_instance.data.aws_partition.current",
            "module.db.module.db_instance.random_id.snapshot_identifier",
            "module.db.module.db_instance_role_association.aws_db_instance_role_association.this",
            "module.db.module.db_option_group.aws_db_option_group.this",
            "module.db.module.db_parameter_group.aws_db_parameter_group.this",
            "module.db.module.db_subnet_group.aws_db_subnet_group.this",
            "module.gateway_service.data.aws_caller_identity.current",
            "module.gateway_service.data.aws_iam_policy_document.tasks_assume",
            "module.gateway_service.data.aws_partition.current",
            "module.gateway_service.data.aws_region.current",
            "module.rds_security_group.aws_security_group.this",
            "module.rds_security_group.aws_security_group.this_name_prefix"
          ],
          "create_before_destroy": true
        }
      ]
    },
    {
      "module": "module.gateway_service",
      "mode": "managed",
      "type": "aws_iam_role_policy_attachment",
      "name": "task_exec",
      "provider": "provider[\"registry.terraform.io/hashicorp/aws\"]",
      "instances": [
        {
          "index_key": 0,
          "schema_version": 0,
          "attributes": {
            "id": "ECS_Gateway_TaskExecRole_JP-20240527142406945500000005-2024052714240763850000000e",
            "policy_arn": "arn:aws:iam::767397723308:policy/ECS_Gateway_TaskExecRole_JP-20240527142406945500000006",
            "role": "ECS_Gateway_TaskExecRole_JP-20240527142406945500000005"
          },
          "sensitive_attributes": [],
          "private": "bnVsbA==",
          "dependencies": [
            "aws_db_subnet_group.db_subnet_group",
            "aws_lb.ecs_alb",
            "aws_security_group.alb_sg",
            "aws_subnet.subnet",
            "aws_subnet.subnet2",
            "aws_vpc.main",
            "data.aws_availability_zones.available",
            "module.db.module.db_instance.aws_cloudwatch_log_group.this",
            "module.db.module.db_instance.aws_db_instance.this",
            "module.db.module.db_instance.aws_iam_role.enhanced_monitoring",
            "module.db.module.db_instance.aws_iam_role_policy_attachment.enhanced_monitoring",
            "module.db.module.db_instance.aws_secretsmanager_secret_rotation.this",
            "module.db.module.db_instance.data.aws_iam_policy_document.enhanced_monitoring",
            "module.db.module.db_instance.data.aws_partition.current",
            "module.db.module.db_instance.random_id.snapshot_identifier",
            "module.db.module.db_instance_role_association.aws_db_instance_role_association.this",
            "module.db.module.db_option_group.aws_db_option_group.this",
            "module.db.module.db_parameter_group.aws_db_parameter_group.this",
            "module.db.module.db_subnet_group.aws_db_subnet_group.this",
            "module.gateway_service.aws_iam_policy.task_exec",
            "module.gateway_service.aws_iam_role.task_exec",
            "module.gateway_service.data.aws_iam_policy_document.task_exec",
            "module.gateway_service.data.aws_iam_policy_document.task_exec_assume",
            "module.rds_security_group.aws_security_group.this",
            "module.rds_security_group.aws_security_group.this_name_prefix"
          ]
        }
      ]
    },
    {
      "module": "module.gateway_service",
      "mode": "managed",
      "type": "aws_iam_role_policy_attachment",
      "name": "task_exec_additional",
      "provider": "provider[\"registry.terraform.io/hashicorp/aws\"]",
      "instances": [
        {
          "index_key": "TaskExecRolePolicyLS",
          "schema_version": 0,
          "attributes": {
            "id": "ECS_Gateway_TaskExecRole_JP-20240527142406945500000005-2024052714240764470000000f",
            "policy_arn": "arn:aws:iam::aws:policy/service-role/AmazonECSTaskExecutionRolePolicy",
            "role": "ECS_Gateway_TaskExecRole_JP-20240527142406945500000005"
          },
          "sensitive_attributes": [],
          "private": "bnVsbA==",
          "dependencies": [
            "aws_db_subnet_group.db_subnet_group",
            "aws_lb.ecs_alb",
            "aws_security_group.alb_sg",
            "aws_subnet.subnet",
            "aws_subnet.subnet2",
            "aws_vpc.main",
            "data.aws_availability_zones.available",
            "module.db.module.db_instance.aws_cloudwatch_log_group.this",
            "module.db.module.db_instance.aws_db_instance.this",
            "module.db.module.db_instance.aws_iam_role.enhanced_monitoring",
            "module.db.module.db_instance.aws_iam_role_policy_attachment.enhanced_monitoring",
            "module.db.module.db_instance.aws_secretsmanager_secret_rotation.this",
            "module.db.module.db_instance.data.aws_iam_policy_document.enhanced_monitoring",
            "module.db.module.db_instance.data.aws_partition.current",
            "module.db.module.db_instance.random_id.snapshot_identifier",
            "module.db.module.db_instance_role_association.aws_db_instance_role_association.this",
            "module.db.module.db_option_group.aws_db_option_group.this",
            "module.db.module.db_parameter_group.aws_db_parameter_group.this",
            "module.db.module.db_subnet_group.aws_db_subnet_group.this",
            "module.gateway_service.aws_iam_role.task_exec",
            "module.gateway_service.data.aws_iam_policy_document.task_exec_assume",
            "module.rds_security_group.aws_security_group.this",
            "module.rds_security_group.aws_security_group.this_name_prefix"
          ]
        }
      ]
    },
    {
      "module": "module.gateway_service",
      "mode": "managed",
      "type": "aws_iam_role_policy_attachment",
      "name": "tasks",
      "provider": "provider[\"registry.terraform.io/hashicorp/aws\"]",
      "instances": [
        {
          "index_key": "AmazonRDSDataFullAccessLS",
          "schema_version": 0,
          "attributes": {
            "id": "ECS_Gateway_TaskRole_JP-20240527142407166400000007-20240527142407731300000010",
            "policy_arn": "arn:aws:iam::aws:policy/AmazonRDSDataFullAccess",
            "role": "ECS_Gateway_TaskRole_JP-20240527142407166400000007"
          },
          "sensitive_attributes": [],
          "private": "bnVsbA==",
          "dependencies": [
            "aws_db_subnet_group.db_subnet_group",
            "aws_lb.ecs_alb",
            "aws_security_group.alb_sg",
            "aws_subnet.subnet",
            "aws_subnet.subnet2",
            "aws_vpc.main",
            "data.aws_availability_zones.available",
            "module.db.module.db_instance.aws_cloudwatch_log_group.this",
            "module.db.module.db_instance.aws_db_instance.this",
            "module.db.module.db_instance.aws_iam_role.enhanced_monitoring",
            "module.db.module.db_instance.aws_iam_role_policy_attachment.enhanced_monitoring",
            "module.db.module.db_instance.aws_secretsmanager_secret_rotation.this",
            "module.db.module.db_instance.data.aws_iam_policy_document.enhanced_monitoring",
            "module.db.module.db_instance.data.aws_partition.current",
            "module.db.module.db_instance.random_id.snapshot_identifier",
            "module.db.module.db_instance_role_association.aws_db_instance_role_association.this",
            "module.db.module.db_option_group.aws_db_option_group.this",
            "module.db.module.db_parameter_group.aws_db_parameter_group.this",
            "module.db.module.db_subnet_group.aws_db_subnet_group.this",
            "module.gateway_service.aws_iam_role.tasks",
            "module.gateway_service.data.aws_caller_identity.current",
            "module.gateway_service.data.aws_iam_policy_document.tasks_assume",
            "module.gateway_service.data.aws_partition.current",
            "module.gateway_service.data.aws_region.current",
            "module.rds_security_group.aws_security_group.this",
            "module.rds_security_group.aws_security_group.this_name_prefix"
          ]
        }
      ]
    },
    {
      "module": "module.gateway_service",
      "mode": "managed",
      "type": "aws_security_group",
      "name": "this",
      "provider": "provider[\"registry.terraform.io/hashicorp/aws\"]",
      "instances": [
        {
          "index_key": 0,
          "schema_version": 1,
          "attributes": {
            "arn": "arn:aws:ec2:us-east-1:767397723308:security-group/sg-09a4220cb881645f5",
            "description": "Managed by Terraform",
            "egress": [],
            "id": "sg-09a4220cb881645f5",
            "ingress": [],
            "name": "gateway-service-2024052714240741410000000d",
            "name_prefix": "gateway-service-",
            "owner_id": "767397723308",
            "revoke_rules_on_delete": false,
            "tags": {
              "Name": "gateway-service",
              "Terraform": "true"
            },
            "tags_all": {
              "Name": "gateway-service",
              "Terraform": "true"
            },
            "timeouts": null,
            "vpc_id": "vpc-0678d5a630120c043"
          },
          "sensitive_attributes": [],
          "private": "eyJlMmJmYjczMC1lY2FhLTExZTYtOGY4OC0zNDM2M2JjN2M0YzAiOnsiY3JlYXRlIjo2MDAwMDAwMDAwMDAsImRlbGV0ZSI6OTAwMDAwMDAwMDAwfSwic2NoZW1hX3ZlcnNpb24iOiIxIn0=",
          "dependencies": [
            "aws_db_subnet_group.db_subnet_group",
            "aws_lb.ecs_alb",
            "aws_security_group.alb_sg",
            "aws_subnet.subnet",
            "aws_subnet.subnet2",
            "aws_vpc.main",
            "data.aws_availability_zones.available",
            "module.db.module.db_instance.aws_cloudwatch_log_group.this",
            "module.db.module.db_instance.aws_db_instance.this",
            "module.db.module.db_instance.aws_iam_role.enhanced_monitoring",
            "module.db.module.db_instance.aws_iam_role_policy_attachment.enhanced_monitoring",
            "module.db.module.db_instance.aws_secretsmanager_secret_rotation.this",
            "module.db.module.db_instance.data.aws_iam_policy_document.enhanced_monitoring",
            "module.db.module.db_instance.data.aws_partition.current",
            "module.db.module.db_instance.random_id.snapshot_identifier",
            "module.db.module.db_instance_role_association.aws_db_instance_role_association.this",
            "module.db.module.db_option_group.aws_db_option_group.this",
            "module.db.module.db_parameter_group.aws_db_parameter_group.this",
            "module.db.module.db_subnet_group.aws_db_subnet_group.this",
            "module.gateway_service.data.aws_subnet.this",
            "module.rds_security_group.aws_security_group.this",
            "module.rds_security_group.aws_security_group.this_name_prefix"
          ],
          "create_before_destroy": true
        }
      ]
    },
    {
      "module": "module.gateway_service",
      "mode": "managed",
      "type": "aws_security_group_rule",
      "name": "this",
      "provider": "provider[\"registry.terraform.io/hashicorp/aws\"]",
      "instances": [
        {
          "index_key": "allow_my_ip_ingress",
          "schema_version": 2,
          "attributes": {
            "cidr_blocks": [
              "108.7.200.240/32"
            ],
            "description": "Allow all incoming traffic from my IP",
            "from_port": 0,
            "id": "sgrule-761677519",
            "ipv6_cidr_blocks": null,
            "prefix_list_ids": null,
            "protocol": "tcp",
            "security_group_id": "sg-09a4220cb881645f5",
            "security_group_rule_id": "sgr-0e9fd8c5271f0c90b",
            "self": false,
            "source_security_group_id": null,
            "timeouts": null,
            "to_port": 65535,
            "type": "ingress"
          },
          "sensitive_attributes": [],
          "private": "eyJlMmJmYjczMC1lY2FhLTExZTYtOGY4OC0zNDM2M2JjN2M0YzAiOnsiY3JlYXRlIjozMDAwMDAwMDAwMDB9LCJzY2hlbWFfdmVyc2lvbiI6IjIifQ==",
          "dependencies": [
            "aws_db_subnet_group.db_subnet_group",
            "aws_lb.ecs_alb",
            "aws_security_group.alb_sg",
            "aws_subnet.subnet",
            "aws_subnet.subnet2",
            "aws_vpc.main",
            "data.aws_availability_zones.available",
            "module.db.module.db_instance.aws_cloudwatch_log_group.this",
            "module.db.module.db_instance.aws_db_instance.this",
            "module.db.module.db_instance.aws_iam_role.enhanced_monitoring",
            "module.db.module.db_instance.aws_iam_role_policy_attachment.enhanced_monitoring",
            "module.db.module.db_instance.aws_secretsmanager_secret_rotation.this",
            "module.db.module.db_instance.data.aws_iam_policy_document.enhanced_monitoring",
            "module.db.module.db_instance.data.aws_partition.current",
            "module.db.module.db_instance.random_id.snapshot_identifier",
            "module.db.module.db_instance_role_association.aws_db_instance_role_association.this",
            "module.db.module.db_option_group.aws_db_option_group.this",
            "module.db.module.db_parameter_group.aws_db_parameter_group.this",
            "module.db.module.db_subnet_group.aws_db_subnet_group.this",
            "module.gateway_service.aws_security_group.this",
            "module.gateway_service.data.aws_subnet.this",
            "module.rds_security_group.aws_security_group.this",
            "module.rds_security_group.aws_security_group.this_name_prefix"
          ]
        },
        {
          "index_key": "egress_all",
          "schema_version": 2,
          "attributes": {
            "cidr_blocks": [
              "0.0.0.0/0"
            ],
            "description": null,
            "from_port": 0,
            "id": "sgrule-2057964913",
            "ipv6_cidr_blocks": null,
            "prefix_list_ids": null,
            "protocol": "-1",
            "security_group_id": "sg-09a4220cb881645f5",
            "security_group_rule_id": "sgr-0b19592d2f134db35",
            "self": false,
            "source_security_group_id": null,
            "timeouts": null,
            "to_port": 0,
            "type": "egress"
          },
          "sensitive_attributes": [],
          "private": "eyJlMmJmYjczMC1lY2FhLTExZTYtOGY4OC0zNDM2M2JjN2M0YzAiOnsiY3JlYXRlIjozMDAwMDAwMDAwMDB9LCJzY2hlbWFfdmVyc2lvbiI6IjIifQ==",
          "dependencies": [
            "aws_db_subnet_group.db_subnet_group",
            "aws_lb.ecs_alb",
            "aws_security_group.alb_sg",
            "aws_subnet.subnet",
            "aws_subnet.subnet2",
            "aws_vpc.main",
            "data.aws_availability_zones.available",
            "module.db.module.db_instance.aws_cloudwatch_log_group.this",
            "module.db.module.db_instance.aws_db_instance.this",
            "module.db.module.db_instance.aws_iam_role.enhanced_monitoring",
            "module.db.module.db_instance.aws_iam_role_policy_attachment.enhanced_monitoring",
            "module.db.module.db_instance.aws_secretsmanager_secret_rotation.this",
            "module.db.module.db_instance.data.aws_iam_policy_document.enhanced_monitoring",
            "module.db.module.db_instance.data.aws_partition.current",
            "module.db.module.db_instance.random_id.snapshot_identifier",
            "module.db.module.db_instance_role_association.aws_db_instance_role_association.this",
            "module.db.module.db_option_group.aws_db_option_group.this",
            "module.db.module.db_parameter_group.aws_db_parameter_group.this",
            "module.db.module.db_subnet_group.aws_db_subnet_group.this",
            "module.gateway_service.aws_security_group.this",
            "module.gateway_service.data.aws_subnet.this",
            "module.rds_security_group.aws_security_group.this",
            "module.rds_security_group.aws_security_group.this_name_prefix"
          ]
        },
        {
          "index_key": "vpc_ingress",
          "schema_version": 2,
          "attributes": {
            "cidr_blocks": [
              "0.0.0.0/0"
            ],
            "description": "Allow all incoming traffic from inside VPC",
            "from_port": 0,
            "id": "sgrule-4167778537",
            "ipv6_cidr_blocks": null,
            "prefix_list_ids": null,
            "protocol": "tcp",
            "security_group_id": "sg-09a4220cb881645f5",
            "security_group_rule_id": "sgr-059fbafba2cd7296c",
            "self": false,
            "source_security_group_id": null,
            "timeouts": null,
            "to_port": 65535,
            "type": "ingress"
          },
          "sensitive_attributes": [],
          "private": "eyJlMmJmYjczMC1lY2FhLTExZTYtOGY4OC0zNDM2M2JjN2M0YzAiOnsiY3JlYXRlIjozMDAwMDAwMDAwMDB9LCJzY2hlbWFfdmVyc2lvbiI6IjIifQ==",
          "dependencies": [
            "aws_db_subnet_group.db_subnet_group",
            "aws_lb.ecs_alb",
            "aws_security_group.alb_sg",
            "aws_subnet.subnet",
            "aws_subnet.subnet2",
            "aws_vpc.main",
            "data.aws_availability_zones.available",
            "module.db.module.db_instance.aws_cloudwatch_log_group.this",
            "module.db.module.db_instance.aws_db_instance.this",
            "module.db.module.db_instance.aws_iam_role.enhanced_monitoring",
            "module.db.module.db_instance.aws_iam_role_policy_attachment.enhanced_monitoring",
            "module.db.module.db_instance.aws_secretsmanager_secret_rotation.this",
            "module.db.module.db_instance.data.aws_iam_policy_document.enhanced_monitoring",
            "module.db.module.db_instance.data.aws_partition.current",
            "module.db.module.db_instance.random_id.snapshot_identifier",
            "module.db.module.db_instance_role_association.aws_db_instance_role_association.this",
            "module.db.module.db_option_group.aws_db_option_group.this",
            "module.db.module.db_parameter_group.aws_db_parameter_group.this",
            "module.db.module.db_subnet_group.aws_db_subnet_group.this",
            "module.gateway_service.aws_security_group.this",
            "module.gateway_service.data.aws_subnet.this",
            "module.rds_security_group.aws_security_group.this",
            "module.rds_security_group.aws_security_group.this_name_prefix"
          ]
        }
      ]
    },
    {
      "module": "module.gateway_service.module.container_definition[\"gateway\"]",
      "mode": "data",
      "type": "aws_region",
      "name": "current",
      "provider": "provider[\"registry.terraform.io/hashicorp/aws\"]",
      "instances": [
        {
          "schema_version": 0,
          "attributes": {
            "description": "US East (N. Virginia)",
            "endpoint": "ec2.us-east-1.amazonaws.com",
            "id": "us-east-1",
            "name": "us-east-1"
          },
          "sensitive_attributes": []
        }
      ]
    },
    {
      "module": "module.rds_security_group",
      "mode": "managed",
      "type": "aws_security_group",
      "name": "this_name_prefix",
      "provider": "provider[\"registry.terraform.io/hashicorp/aws\"]",
      "instances": [
        {
          "index_key": 0,
          "schema_version": 1,
          "attributes": {
            "arn": "arn:aws:ec2:us-east-1:767397723308:security-group/sg-0f66e5b4cadda4210",
            "description": "Security group for Joe RDS",
            "egress": [],
            "id": "sg-0f66e5b4cadda4210",
            "ingress": [],
            "name": "alinedb_sg_jp-20240527141948865200000004",
            "name_prefix": "alinedb_sg_jp-",
            "owner_id": "767397723308",
            "revoke_rules_on_delete": false,
            "tags": {
              "Name": "alinedb_sg_jp"
            },
            "tags_all": {
              "Name": "alinedb_sg_jp"
            },
            "timeouts": {
              "create": "10m",
              "delete": "15m"
            },
            "vpc_id": "vpc-0678d5a630120c043"
          },
          "sensitive_attributes": [],
          "private": "eyJlMmJmYjczMC1lY2FhLTExZTYtOGY4OC0zNDM2M2JjN2M0YzAiOnsiY3JlYXRlIjo2MDAwMDAwMDAwMDAsImRlbGV0ZSI6OTAwMDAwMDAwMDAwfSwic2NoZW1hX3ZlcnNpb24iOiIxIn0=",
          "dependencies": [
            "aws_vpc.main"
          ],
          "create_before_destroy": true
        }
      ]
    },
    {
      "module": "module.rds_security_group",
      "mode": "managed",
      "type": "aws_security_group_rule",
      "name": "ingress_with_cidr_blocks",
      "provider": "provider[\"registry.terraform.io/hashicorp/aws\"]",
      "instances": [
        {
          "index_key": 0,
          "schema_version": 2,
          "attributes": {
            "cidr_blocks": [
              "10.0.0.0/16"
            ],
            "description": "MySQL access from within VPC",
            "from_port": 3306,
            "id": "sgrule-4167936615",
            "ipv6_cidr_blocks": null,
            "prefix_list_ids": [],
            "protocol": "tcp",
            "security_group_id": "sg-0f66e5b4cadda4210",
            "security_group_rule_id": "sgr-078478abcfe3db4e8",
            "self": false,
            "source_security_group_id": null,
            "timeouts": null,
            "to_port": 3306,
            "type": "ingress"
          },
          "sensitive_attributes": [],
          "private": "eyJlMmJmYjczMC1lY2FhLTExZTYtOGY4OC0zNDM2M2JjN2M0YzAiOnsiY3JlYXRlIjozMDAwMDAwMDAwMDB9LCJzY2hlbWFfdmVyc2lvbiI6IjIifQ==",
          "dependencies": [
            "aws_vpc.main",
            "module.rds_security_group.aws_security_group.this",
            "module.rds_security_group.aws_security_group.this_name_prefix"
          ]
        }
      ]
    }
  ],
  "check_results": null
}
